{
  "version": 4,
  "terraform_version": "1.1.9",
  "serial": 906,
  "lineage": "22456825-385e-0766-02b2-142c6237b356",
  "outputs": {
    "aws_auth_configmap_yaml": {
      "value": "apiVersion: v1\nkind: ConfigMap\nmetadata:\n  name: aws-auth\n  namespace: kube-system\ndata:\n  mapRoles: |\n    - rolearn: arn:aws:iam::503517101544:role/data-eks-node-group-20220422041838763600000007\n      username: system:node:{{EC2PrivateDNSName}}\n      groups:\n        - system:bootstrappers\n        - system:nodes\n    - rolearn: arn:aws:iam::503517101544:role/main-eks-node-group-20220422041838763600000006\n      username: system:node:{{EC2PrivateDNSName}}\n      groups:\n        - system:bootstrappers\n        - system:nodes\n",
      "type": "string"
    },
    "cloudwatch_log_group_arn": {
      "value": "arn:aws:logs:us-west-1:503517101544:log-group:/aws/eks/basic-api-2/cluster",
      "type": "string"
    },
    "cloudwatch_log_group_name": {
      "value": "/aws/eks/basic-api-2/cluster",
      "type": "string"
    },
    "cluster_addons": {
      "value": {},
      "type": [
        "object",
        {}
      ]
    },
    "cluster_arn": {
      "value": "arn:aws:eks:us-west-1:503517101544:cluster/basic-api-2",
      "type": "string"
    },
    "cluster_certificate_authority_data": {
      "value": "LS0tLS1CRUdJTiBDRVJUSUZJQ0FURS0tLS0tCk1JSUM1ekNDQWMrZ0F3SUJBZ0lCQURBTkJna3Foa2lHOXcwQkFRc0ZBREFWTVJNd0VRWURWUVFERXdwcmRXSmwKY201bGRHVnpNQjRYRFRJeU1EUXlNakEwTWpReE1Wb1hEVE15TURReE9UQTBNalF4TVZvd0ZURVRNQkVHQTFVRQpBeE1LYTNWaVpYSnVaWFJsY3pDQ0FTSXdEUVlKS29aSWh2Y05BUUVCQlFBRGdnRVBBRENDQVFvQ2dnRUJBTndkCnFlVDdlcTFUcTFDVmpzQW5tajZlUnF3RWtGSnhwT0ErVFluVC9HSnpUaTl6dDBUdmxOaFdDS1lnM2FtRitOY1oKOEVad2hHcVF3MmZJVlJRSmJJOHUxalB2SktpR2h4NGxOTnM3WVVEVm9iM0J4aFNyMlhGZnhGMHRlSVBORmY3VwphcDV3MGo0WWk4UExWKzRhdXltU3duMjl0cTBZeVc2ckdzSlNMQ0pBbzdubVJ0WE1CRkJiN29CaHgwRFpCeVMvClpqSlVCQi9rd1c5WlNzeWFaclVOenlCb1RYdk9nSDF6TUlVQlBwajhBem9nNWJRcnNROXlmRGFMY0ZybFZldE0KMzYwZVB0U1VueXRzUXVPK29aUTRLUCtVcjFQT2RoZ1UxRzdqT0pGTFVpYmZwNC9aTUJ5Z0ljSzFJRVloWTFFMwo2VXhWL0lUN3BlWXFlU21ia2xzQ0F3RUFBYU5DTUVBd0RnWURWUjBQQVFIL0JBUURBZ0trTUE4R0ExVWRFd0VCCi93UUZNQU1CQWY4d0hRWURWUjBPQkJZRUZOQWZSS1pMYlF3R3VZNEpNNkNONjZ1UHFGeDdNQTBHQ1NxR1NJYjMKRFFFQkN3VUFBNElCQVFDNStFdmRoWTBkMlhyNkRpbmM3ZkVCcmx2Vm5oNjNYT1ZJQUNicldyWER6citDa0JHLwpPTGFxQkdmaDNCbnVxYTMzbmIwelYzWFNqNlNvRkhZVDMvVUViQnpUS3YzQ1c1L3VnNnZPVHpVVXhHYi96UVhyCkFMcU1kUUFWUFNVbmErR2JtT0QvVmVuMDJUbVZKWUZ5UUtrbXdwd3lCTk94MzZtdDBYVWhoTmViNjhWbnc0L3kKMDZJV1hRUm43ckVqRy9oQ0NMbUZIdGp5ZWVQR0JkYjY4Z3hUMmRnandJY2tvZHZSdThLZ24wenFjRzVCenVMNwpkVDFSSEs5enh1cVVxNFpMZWdSZHlBUGRrKzB3eTZ2M2VkTFJlTU5pRFJnemtaTmRacUkxMC95SkxseG9vRkRrCkFFbXl0dXJmaEk0RXlZVU9DYUtqdm5YV1VMekRNRXJTMUY2TgotLS0tLUVORCBDRVJUSUZJQ0FURS0tLS0tCg==",
      "type": "string"
    },
    "cluster_endpoint": {
      "value": "https://DE8381DA4DCB479894734FD2D27071F7.gr7.us-west-1.eks.amazonaws.com",
      "type": "string"
    },
    "cluster_iam_role_arn": {
      "value": "arn:aws:iam::503517101544:role/basic-api-2-cluster-20220422041824753700000001",
      "type": "string"
    },
    "cluster_iam_role_name": {
      "value": "basic-api-2-cluster-20220422041824753700000001",
      "type": "string"
    },
    "cluster_iam_role_unique_id": {
      "value": "AROAXKO7VHXUDZ55OOGIJ",
      "type": "string"
    },
    "cluster_id": {
      "value": "basic-api-2",
      "type": "string"
    },
    "cluster_identity_providers": {
      "value": {},
      "type": [
        "object",
        {}
      ]
    },
    "cluster_oidc_issuer_url": {
      "value": "https://oidc.eks.us-west-1.amazonaws.com/id/DE8381DA4DCB479894734FD2D27071F7",
      "type": "string"
    },
    "cluster_platform_version": {
      "value": "eks.6",
      "type": "string"
    },
    "cluster_primary_security_group_id": {
      "value": "sg-0fa0b2c5f85af48aa",
      "type": "string"
    },
    "cluster_security_group_arn": {
      "value": "arn:aws:ec2:us-west-1:503517101544:security-group/sg-035cbc5f60084c422",
      "type": "string"
    },
    "cluster_security_group_id": {
      "value": "sg-035cbc5f60084c422",
      "type": "string"
    },
    "cluster_status": {
      "value": "ACTIVE",
      "type": "string"
    },
    "eks_managed_node_groups": {
      "value": {
        "data": {
          "iam_role_arn": "arn:aws:iam::503517101544:role/data-eks-node-group-20220422041838763600000007",
          "iam_role_name": "data-eks-node-group-20220422041838763600000007",
          "iam_role_unique_id": "AROAXKO7VHXULVXFPGRGC",
          "launch_template_arn": "arn:aws:ec2:us-west-1:503517101544:launch-template/lt-0e5526621916336b7",
          "launch_template_id": "lt-0e5526621916336b7",
          "launch_template_latest_version": 1,
          "node_group_arn": "arn:aws:eks:us-west-1:503517101544:nodegroup/basic-api-2/data-20220422042710346900000016/b8c027c3-0d63-723b-5a53-24bcb4802669",
          "node_group_autoscaling_group_names": [
            "eks-data-20220422042710346900000016-b8c027c3-0d63-723b-5a53-24bcb4802669"
          ],
          "node_group_id": "basic-api-2:data-20220422042710346900000016",
          "node_group_resources": [
            {
              "autoscaling_groups": [
                {
                  "name": "eks-data-20220422042710346900000016-b8c027c3-0d63-723b-5a53-24bcb4802669"
                }
              ],
              "remote_access_security_group_id": ""
            }
          ],
          "node_group_status": "arn:aws:eks:us-west-1:503517101544:nodegroup/basic-api-2/data-20220422042710346900000016/b8c027c3-0d63-723b-5a53-24bcb4802669",
          "security_group_arn": "arn:aws:ec2:us-west-1:503517101544:security-group/sg-02f805cac0f9efefa",
          "security_group_id": "sg-02f805cac0f9efefa"
        },
        "main": {
          "iam_role_arn": "arn:aws:iam::503517101544:role/main-eks-node-group-20220422041838763600000006",
          "iam_role_name": "main-eks-node-group-20220422041838763600000006",
          "iam_role_unique_id": "AROAXKO7VHXUEBJNS6VA4",
          "launch_template_arn": "arn:aws:ec2:us-west-1:503517101544:launch-template/lt-0853ffa5eeafef554",
          "launch_template_id": "lt-0853ffa5eeafef554",
          "launch_template_latest_version": 1,
          "node_group_arn": "arn:aws:eks:us-west-1:503517101544:nodegroup/basic-api-2/main-20220422042710346900000014/50c027c3-0d68-78d7-5eb7-a3179fc6c23b",
          "node_group_autoscaling_group_names": [
            "eks-main-20220422042710346900000014-50c027c3-0d68-78d7-5eb7-a3179fc6c23b"
          ],
          "node_group_id": "basic-api-2:main-20220422042710346900000014",
          "node_group_resources": [
            {
              "autoscaling_groups": [
                {
                  "name": "eks-main-20220422042710346900000014-50c027c3-0d68-78d7-5eb7-a3179fc6c23b"
                }
              ],
              "remote_access_security_group_id": ""
            }
          ],
          "node_group_status": "arn:aws:eks:us-west-1:503517101544:nodegroup/basic-api-2/main-20220422042710346900000014/50c027c3-0d68-78d7-5eb7-a3179fc6c23b",
          "security_group_arn": "arn:aws:ec2:us-west-1:503517101544:security-group/sg-03718ee5619ec6204",
          "security_group_id": "sg-03718ee5619ec6204"
        }
      },
      "type": [
        "object",
        {
          "data": [
            "object",
            {
              "iam_role_arn": "string",
              "iam_role_name": "string",
              "iam_role_unique_id": "string",
              "launch_template_arn": "string",
              "launch_template_id": "string",
              "launch_template_latest_version": "number",
              "node_group_arn": "string",
              "node_group_autoscaling_group_names": [
                "tuple",
                [
                  "string"
                ]
              ],
              "node_group_id": "string",
              "node_group_resources": [
                "list",
                [
                  "object",
                  {
                    "autoscaling_groups": [
                      "list",
                      [
                        "object",
                        {
                          "name": "string"
                        }
                      ]
                    ],
                    "remote_access_security_group_id": "string"
                  }
                ]
              ],
              "node_group_status": "string",
              "security_group_arn": "string",
              "security_group_id": "string"
            }
          ],
          "main": [
            "object",
            {
              "iam_role_arn": "string",
              "iam_role_name": "string",
              "iam_role_unique_id": "string",
              "launch_template_arn": "string",
              "launch_template_id": "string",
              "launch_template_latest_version": "number",
              "node_group_arn": "string",
              "node_group_autoscaling_group_names": [
                "tuple",
                [
                  "string"
                ]
              ],
              "node_group_id": "string",
              "node_group_resources": [
                "list",
                [
                  "object",
                  {
                    "autoscaling_groups": [
                      "list",
                      [
                        "object",
                        {
                          "name": "string"
                        }
                      ]
                    ],
                    "remote_access_security_group_id": "string"
                  }
                ]
              ],
              "node_group_status": "string",
              "security_group_arn": "string",
              "security_group_id": "string"
            }
          ]
        }
      ]
    },
    "eks_managed_node_groups_autoscaling_group_names": {
      "value": [
        "eks-data-20220422042710346900000016-b8c027c3-0d63-723b-5a53-24bcb4802669",
        "eks-main-20220422042710346900000014-50c027c3-0d68-78d7-5eb7-a3179fc6c23b"
      ],
      "type": [
        "tuple",
        [
          "string",
          "string"
        ]
      ]
    },
    "node_security_group_arn": {
      "value": "arn:aws:ec2:us-west-1:503517101544:security-group/sg-0ee4c9b9f14140e0a",
      "type": "string"
    },
    "node_security_group_id": {
      "value": "sg-0ee4c9b9f14140e0a",
      "type": "string"
    },
    "oidc_provider": {
      "value": "oidc.eks.us-west-1.amazonaws.com/id/DE8381DA4DCB479894734FD2D27071F7",
      "type": "string"
    },
    "oidc_provider_arn": {
      "value": "arn:aws:iam::503517101544:oidc-provider/oidc.eks.us-west-1.amazonaws.com/id/DE8381DA4DCB479894734FD2D27071F7",
      "type": "string"
    }
  },
  "resources": [
    {
      "mode": "data",
      "type": "aws_availability_zones",
      "name": "available",
      "provider": "provider[\"registry.terraform.io/hashicorp/aws\"]",
      "instances": [
        {
          "schema_version": 0,
          "attributes": {
            "all_availability_zones": null,
            "exclude_names": null,
            "exclude_zone_ids": null,
            "filter": null,
            "group_names": [
              "us-west-1"
            ],
            "id": "us-west-1",
            "names": [
              "us-west-1b",
              "us-west-1c"
            ],
            "state": null,
            "zone_ids": [
              "usw1-az3",
              "usw1-az1"
            ]
          },
          "sensitive_attributes": []
        }
      ]
    },
    {
      "mode": "data",
      "type": "aws_caller_identity",
      "name": "current",
      "provider": "provider[\"registry.terraform.io/hashicorp/aws\"]",
      "instances": [
        {
          "schema_version": 0,
          "attributes": {
            "account_id": "503517101544",
            "arn": "arn:aws:iam::503517101544:user/terraform-user",
            "id": "503517101544",
            "user_id": "AIDAXKO7VHXUG6QC3XDCI"
          },
          "sensitive_attributes": []
        }
      ]
    },
    {
      "mode": "data",
      "type": "aws_eks_cluster",
      "name": "cluster",
      "provider": "provider[\"registry.terraform.io/hashicorp/aws\"]",
      "instances": [
        {
          "schema_version": 0,
          "attributes": {
            "arn": "arn:aws:eks:us-west-1:503517101544:cluster/basic-api-2",
            "certificate_authority": [
              {
                "data": "LS0tLS1CRUdJTiBDRVJUSUZJQ0FURS0tLS0tCk1JSUM1ekNDQWMrZ0F3SUJBZ0lCQURBTkJna3Foa2lHOXcwQkFRc0ZBREFWTVJNd0VRWURWUVFERXdwcmRXSmwKY201bGRHVnpNQjRYRFRJeU1EUXlNakEwTWpReE1Wb1hEVE15TURReE9UQTBNalF4TVZvd0ZURVRNQkVHQTFVRQpBeE1LYTNWaVpYSnVaWFJsY3pDQ0FTSXdEUVlKS29aSWh2Y05BUUVCQlFBRGdnRVBBRENDQVFvQ2dnRUJBTndkCnFlVDdlcTFUcTFDVmpzQW5tajZlUnF3RWtGSnhwT0ErVFluVC9HSnpUaTl6dDBUdmxOaFdDS1lnM2FtRitOY1oKOEVad2hHcVF3MmZJVlJRSmJJOHUxalB2SktpR2h4NGxOTnM3WVVEVm9iM0J4aFNyMlhGZnhGMHRlSVBORmY3VwphcDV3MGo0WWk4UExWKzRhdXltU3duMjl0cTBZeVc2ckdzSlNMQ0pBbzdubVJ0WE1CRkJiN29CaHgwRFpCeVMvClpqSlVCQi9rd1c5WlNzeWFaclVOenlCb1RYdk9nSDF6TUlVQlBwajhBem9nNWJRcnNROXlmRGFMY0ZybFZldE0KMzYwZVB0U1VueXRzUXVPK29aUTRLUCtVcjFQT2RoZ1UxRzdqT0pGTFVpYmZwNC9aTUJ5Z0ljSzFJRVloWTFFMwo2VXhWL0lUN3BlWXFlU21ia2xzQ0F3RUFBYU5DTUVBd0RnWURWUjBQQVFIL0JBUURBZ0trTUE4R0ExVWRFd0VCCi93UUZNQU1CQWY4d0hRWURWUjBPQkJZRUZOQWZSS1pMYlF3R3VZNEpNNkNONjZ1UHFGeDdNQTBHQ1NxR1NJYjMKRFFFQkN3VUFBNElCQVFDNStFdmRoWTBkMlhyNkRpbmM3ZkVCcmx2Vm5oNjNYT1ZJQUNicldyWER6citDa0JHLwpPTGFxQkdmaDNCbnVxYTMzbmIwelYzWFNqNlNvRkhZVDMvVUViQnpUS3YzQ1c1L3VnNnZPVHpVVXhHYi96UVhyCkFMcU1kUUFWUFNVbmErR2JtT0QvVmVuMDJUbVZKWUZ5UUtrbXdwd3lCTk94MzZtdDBYVWhoTmViNjhWbnc0L3kKMDZJV1hRUm43ckVqRy9oQ0NMbUZIdGp5ZWVQR0JkYjY4Z3hUMmRnandJY2tvZHZSdThLZ24wenFjRzVCenVMNwpkVDFSSEs5enh1cVVxNFpMZWdSZHlBUGRrKzB3eTZ2M2VkTFJlTU5pRFJnemtaTmRacUkxMC95SkxseG9vRkRrCkFFbXl0dXJmaEk0RXlZVU9DYUtqdm5YV1VMekRNRXJTMUY2TgotLS0tLUVORCBDRVJUSUZJQ0FURS0tLS0tCg=="
              }
            ],
            "created_at": "2022-04-22 04:18:48.232 +0000 UTC",
            "enabled_cluster_log_types": [
              "api",
              "audit",
              "authenticator"
            ],
            "endpoint": "https://DE8381DA4DCB479894734FD2D27071F7.gr7.us-west-1.eks.amazonaws.com",
            "id": "basic-api-2",
            "identity": [
              {
                "oidc": [
                  {
                    "issuer": "https://oidc.eks.us-west-1.amazonaws.com/id/DE8381DA4DCB479894734FD2D27071F7"
                  }
                ]
              }
            ],
            "kubernetes_network_config": [
              {
                "ip_family": "ipv4",
                "service_ipv4_cidr": "10.100.0.0/16"
              }
            ],
            "name": "basic-api-2",
            "platform_version": "eks.6",
            "role_arn": "arn:aws:iam::503517101544:role/basic-api-2-cluster-20220422041824753700000001",
            "status": "ACTIVE",
            "tags": {
              "appname": "basic-app",
              "appversion": "1.0.0",
              "deploy": "terraform",
              "env": "develop"
            },
            "version": "1.21",
            "vpc_config": [
              {
                "cluster_security_group_id": "sg-0fa0b2c5f85af48aa",
                "endpoint_private_access": false,
                "endpoint_public_access": true,
                "public_access_cidrs": [
                  "0.0.0.0/0"
                ],
                "security_group_ids": [
                  "sg-035cbc5f60084c422"
                ],
                "subnet_ids": [
                  "subnet-099acaa278a0e813b",
                  "subnet-0b65d5d8ec9de78a8",
                  "subnet-0ee13c92587a63a63"
                ],
                "vpc_id": "vpc-0dbc4c9e7479d7a7d"
              }
            ]
          },
          "sensitive_attributes": []
        }
      ]
    },
    {
      "mode": "data",
      "type": "aws_eks_cluster_auth",
      "name": "cluster",
      "provider": "provider[\"registry.terraform.io/hashicorp/aws\"]",
      "instances": [
        {
          "schema_version": 0,
          "attributes": {
            "id": "basic-api-2",
            "name": "basic-api-2",
            "token": "k8s-aws-v1.aHR0cHM6Ly9zdHMuYW1hem9uYXdzLmNvbS8_QWN0aW9uPUdldENhbGxlcklkZW50aXR5JlZlcnNpb249MjAxMS0wNi0xNSZYLUFtei1BbGdvcml0aG09QVdTNC1ITUFDLVNIQTI1NiZYLUFtei1DcmVkZW50aWFsPUFLSUFYS083VkhYVUpVWElSUUZNJTJGMjAyMjA0MjIlMkZ1cy1lYXN0LTElMkZzdHMlMkZhd3M0X3JlcXVlc3QmWC1BbXotRGF0ZT0yMDIyMDQyMlQwNDI3MDlaJlgtQW16LUV4cGlyZXM9MCZYLUFtei1TaWduZWRIZWFkZXJzPWhvc3QlM0J4LWs4cy1hd3MtaWQmWC1BbXotU2lnbmF0dXJlPWI3MTEwYTJlM2MxZjkzYzMxNDM5NjFiMDE0MzY3ZjkwNjdmNDFhNWQ4YzlhYTNiNDc1M2NlNmZkMjFjNjBjMWE"
          },
          "sensitive_attributes": []
        }
      ]
    },
    {
      "mode": "data",
      "type": "aws_iam_policy_document",
      "name": "ebs",
      "provider": "provider[\"registry.terraform.io/hashicorp/aws\"]",
      "instances": [
        {
          "schema_version": 0,
          "attributes": {
            "id": "1411889253",
            "json": "{\n  \"Version\": \"2012-10-17\",\n  \"Statement\": [\n    {\n      \"Sid\": \"Enable IAM User Permissions\",\n      \"Effect\": \"Allow\",\n      \"Action\": \"kms:*\",\n      \"Resource\": \"*\",\n      \"Principal\": {\n        \"AWS\": \"arn:aws:iam::503517101544:root\"\n      }\n    },\n    {\n      \"Sid\": \"Allow service-linked role use of the CMK\",\n      \"Effect\": \"Allow\",\n      \"Action\": [\n        \"kms:ReEncrypt*\",\n        \"kms:GenerateDataKey*\",\n        \"kms:Encrypt\",\n        \"kms:DescribeKey\",\n        \"kms:Decrypt\"\n      ],\n      \"Resource\": \"*\",\n      \"Principal\": {\n        \"AWS\": [\n          \"arn:aws:iam::503517101544:role/basic-api-2-cluster-20220422041824753700000001\",\n          \"arn:aws:iam::503517101544:role/aws-service-role/autoscaling.amazonaws.com/AWSServiceRoleForAutoScaling\"\n        ]\n      }\n    },\n    {\n      \"Sid\": \"Allow attachment of persistent resources\",\n      \"Effect\": \"Allow\",\n      \"Action\": \"kms:CreateGrant\",\n      \"Resource\": \"*\",\n      \"Principal\": {\n        \"AWS\": [\n          \"arn:aws:iam::503517101544:role/basic-api-2-cluster-20220422041824753700000001\",\n          \"arn:aws:iam::503517101544:role/aws-service-role/autoscaling.amazonaws.com/AWSServiceRoleForAutoScaling\"\n        ]\n      },\n      \"Condition\": {\n        \"Bool\": {\n          \"kms:GrantIsForAWSResource\": \"true\"\n        }\n      }\n    }\n  ]\n}",
            "override_json": null,
            "override_policy_documents": null,
            "policy_id": null,
            "source_json": null,
            "source_policy_documents": null,
            "statement": [
              {
                "actions": [
                  "kms:*"
                ],
                "condition": [],
                "effect": "Allow",
                "not_actions": [],
                "not_principals": [],
                "not_resources": [],
                "principals": [
                  {
                    "identifiers": [
                      "arn:aws:iam::503517101544:root"
                    ],
                    "type": "AWS"
                  }
                ],
                "resources": [
                  "*"
                ],
                "sid": "Enable IAM User Permissions"
              },
              {
                "actions": [
                  "kms:Decrypt",
                  "kms:DescribeKey",
                  "kms:Encrypt",
                  "kms:GenerateDataKey*",
                  "kms:ReEncrypt*"
                ],
                "condition": [],
                "effect": "Allow",
                "not_actions": [],
                "not_principals": [],
                "not_resources": [],
                "principals": [
                  {
                    "identifiers": [
                      "arn:aws:iam::503517101544:role/aws-service-role/autoscaling.amazonaws.com/AWSServiceRoleForAutoScaling",
                      "arn:aws:iam::503517101544:role/basic-api-2-cluster-20220422041824753700000001"
                    ],
                    "type": "AWS"
                  }
                ],
                "resources": [
                  "*"
                ],
                "sid": "Allow service-linked role use of the CMK"
              },
              {
                "actions": [
                  "kms:CreateGrant"
                ],
                "condition": [
                  {
                    "test": "Bool",
                    "values": [
                      "true"
                    ],
                    "variable": "kms:GrantIsForAWSResource"
                  }
                ],
                "effect": "Allow",
                "not_actions": [],
                "not_principals": [],
                "not_resources": [],
                "principals": [
                  {
                    "identifiers": [
                      "arn:aws:iam::503517101544:role/aws-service-role/autoscaling.amazonaws.com/AWSServiceRoleForAutoScaling",
                      "arn:aws:iam::503517101544:role/basic-api-2-cluster-20220422041824753700000001"
                    ],
                    "type": "AWS"
                  }
                ],
                "resources": [
                  "*"
                ],
                "sid": "Allow attachment of persistent resources"
              }
            ],
            "version": "2012-10-17"
          },
          "sensitive_attributes": []
        }
      ]
    },
    {
      "mode": "data",
      "type": "aws_partition",
      "name": "current",
      "provider": "provider[\"registry.terraform.io/hashicorp/aws\"]",
      "instances": [
        {
          "schema_version": 0,
          "attributes": {
            "dns_suffix": "amazonaws.com",
            "id": "aws",
            "partition": "aws",
            "reverse_dns_prefix": "com.amazonaws"
          },
          "sensitive_attributes": []
        }
      ]
    },
    {
      "mode": "managed",
      "type": "aws_iam_policy",
      "name": "node_additional",
      "provider": "provider[\"registry.terraform.io/hashicorp/aws\"]",
      "instances": [
        {
          "schema_version": 0,
          "attributes": {
            "arn": "arn:aws:iam::503517101544:policy/terra-cluster-policy",
            "description": "Example usage of node additional policy",
            "id": "arn:aws:iam::503517101544:policy/terra-cluster-policy",
            "name": "terra-cluster-policy",
            "name_prefix": null,
            "path": "/",
            "policy": "{\"Statement\":[{\"Action\":[\"ec2:Describe*\"],\"Effect\":\"Allow\",\"Resource\":\"*\"}],\"Version\":\"2012-10-17\"}",
            "policy_id": "ANPAXKO7VHXUBR2AMETQV",
            "tags": {
              "Example": "terra-cluster",
              "GithubOrg": "soinshane",
              "GithubRepo": "basic-api-2"
            },
            "tags_all": {
              "Example": "terra-cluster",
              "GithubOrg": "soinshane",
              "GithubRepo": "basic-api-2",
              "appname": "basic-app",
              "appversion": "1.0.0",
              "deploy": "terraform",
              "env": "develop"
            }
          },
          "sensitive_attributes": [],
          "private": "bnVsbA=="
        }
      ]
    },
    {
      "mode": "managed",
      "type": "aws_key_pair",
      "name": "this",
      "provider": "provider[\"registry.terraform.io/hashicorp/aws\"]",
      "instances": [
        {
          "schema_version": 1,
          "attributes": {
            "arn": "arn:aws:ec2:us-west-1:503517101544:key-pair/terra-cluster",
            "fingerprint": "1a:71:64:36:84:23:bd:2e:1c:aa:0d:ee:ab:a2:26:d3",
            "id": "terra-cluster",
            "key_name": "terra-cluster",
            "key_name_prefix": "",
            "key_pair_id": "key-0da22558e7d60c126",
            "public_key": "ssh-rsa AAAAB3NzaC1yc2EAAAADAQABAAACAQDBQ822uJcktQpcMdgfcdlMWihASJNgh+09qO2oqzQkdvtcpd1RcTgnCgIRa2qCF8r1u1n7o/thjHblI1cRb8w7URVz2OHZY8lPrIsLg3blPW+tl6nfLZ8DrlIpkVz1nlrbwxFutxfeIQ0URlTMmo9dGHNUoANbBoauRu5nTdVsZnQLTKgaD5yDciI/UWJmXuJeuCXzPhqJzRgHVrAfjtTF1BlRo4Jgv/DSxCybUyd1JsHLkOARdd/s6FSMqMqJkRtqcaxst/xcHgSGIJQoTyDQRCSuIs/VonTmawYIstK4i9nwtcmPhOrUSEY93CEvdJ9OKaGTSj41h/A3rWiZSSbnGRD6NJuVJHGsVrME+OtssQLiOndbsk4bG4rHPBadTq/R9iEN3VmvIV8Jp9ocfHSpCE2gY/xm/8lKO7q7v90w74UlkvxHyYX9t5BurLXxfIVCcV2f7szCHv46d9MQRJe4JgG0++ZBACSb6qEtErbIws5tP9cvQvorrG8aYDym43QtWOb9pPg1H44v0xzXXp8h3xwleyEf/cHf9h9aZi6m+VJmqd9o+IgYyHPipHtBJ+updwn8v0KE2ZZ6iVChExOQgkYCDovdVtRPdkxg2rxnwQr7v1952j9NPDlar6TzNGW31qMtkpdBW5c6s3793l7UncHtXbtlYPiYsZpcusnp+w==",
            "tags": {
              "Example": "terra-cluster",
              "GithubOrg": "soinshane",
              "GithubRepo": "basic-api-2"
            },
            "tags_all": {
              "Example": "terra-cluster",
              "GithubOrg": "soinshane",
              "GithubRepo": "basic-api-2",
              "appname": "basic-app",
              "appversion": "1.0.0",
              "deploy": "terraform",
              "env": "develop"
            }
          },
          "sensitive_attributes": [],
          "private": "eyJzY2hlbWFfdmVyc2lvbiI6IjEifQ==",
          "dependencies": [
            "tls_private_key.this"
          ]
        }
      ]
    },
    {
      "mode": "managed",
      "type": "aws_kms_key",
      "name": "ebs",
      "provider": "provider[\"registry.terraform.io/hashicorp/aws\"]",
      "instances": [
        {
          "schema_version": 0,
          "attributes": {
            "arn": "arn:aws:kms:us-west-1:503517101544:key/d9a94cf7-869c-423d-91d3-7350275f0547",
            "bypass_policy_lockout_safety_check": false,
            "customer_master_key_spec": "SYMMETRIC_DEFAULT",
            "deletion_window_in_days": 7,
            "description": "Customer managed key to encrypt EKS managed node group volumes",
            "enable_key_rotation": false,
            "id": "d9a94cf7-869c-423d-91d3-7350275f0547",
            "is_enabled": true,
            "key_id": "d9a94cf7-869c-423d-91d3-7350275f0547",
            "key_usage": "ENCRYPT_DECRYPT",
            "multi_region": false,
            "policy": "{\n  \"Version\": \"2012-10-17\",\n  \"Statement\": [\n    {\n      \"Sid\": \"Enable IAM User Permissions\",\n      \"Effect\": \"Allow\",\n      \"Action\": \"kms:*\",\n      \"Resource\": \"*\",\n      \"Principal\": {\n        \"AWS\": \"arn:aws:iam::503517101544:root\"\n      }\n    },\n    {\n      \"Sid\": \"Allow service-linked role use of the CMK\",\n      \"Effect\": \"Allow\",\n      \"Action\": [\n        \"kms:ReEncrypt*\",\n        \"kms:GenerateDataKey*\",\n        \"kms:Encrypt\",\n        \"kms:DescribeKey\",\n        \"kms:Decrypt\"\n      ],\n      \"Resource\": \"*\",\n      \"Principal\": {\n        \"AWS\": [\n          \"arn:aws:iam::503517101544:role/basic-api-2-cluster-20220422041824753700000001\",\n          \"arn:aws:iam::503517101544:role/aws-service-role/autoscaling.amazonaws.com/AWSServiceRoleForAutoScaling\"\n        ]\n      }\n    },\n    {\n      \"Sid\": \"Allow attachment of persistent resources\",\n      \"Effect\": \"Allow\",\n      \"Action\": \"kms:CreateGrant\",\n      \"Resource\": \"*\",\n      \"Principal\": {\n        \"AWS\": [\n          \"arn:aws:iam::503517101544:role/basic-api-2-cluster-20220422041824753700000001\",\n          \"arn:aws:iam::503517101544:role/aws-service-role/autoscaling.amazonaws.com/AWSServiceRoleForAutoScaling\"\n        ]\n      },\n      \"Condition\": {\n        \"Bool\": {\n          \"kms:GrantIsForAWSResource\": \"true\"\n        }\n      }\n    }\n  ]\n}",
            "tags": null,
            "tags_all": {
              "appname": "basic-app",
              "appversion": "1.0.0",
              "deploy": "terraform",
              "env": "develop"
            }
          },
          "sensitive_attributes": [],
          "private": "bnVsbA==",
          "dependencies": [
            "data.aws_caller_identity.current",
            "data.aws_iam_policy_document.ebs",
            "module.eks.aws_cloudwatch_log_group.this",
            "module.eks.aws_iam_role.this",
            "module.eks.data.aws_iam_policy_document.assume_role_policy"
          ]
        }
      ]
    },
    {
      "mode": "managed",
      "type": "aws_kms_key",
      "name": "eks",
      "provider": "provider[\"registry.terraform.io/hashicorp/aws\"]",
      "instances": [
        {
          "schema_version": 0,
          "attributes": {
            "arn": "arn:aws:kms:us-west-1:503517101544:key/66e064f2-f53c-4568-aa85-7ae965996a03",
            "bypass_policy_lockout_safety_check": false,
            "customer_master_key_spec": "SYMMETRIC_DEFAULT",
            "deletion_window_in_days": 7,
            "description": "EKS Secret Encryption Key",
            "enable_key_rotation": true,
            "id": "66e064f2-f53c-4568-aa85-7ae965996a03",
            "is_enabled": true,
            "key_id": "66e064f2-f53c-4568-aa85-7ae965996a03",
            "key_usage": "ENCRYPT_DECRYPT",
            "multi_region": false,
            "policy": "{\"Id\":\"key-default-1\",\"Statement\":[{\"Action\":\"kms:*\",\"Effect\":\"Allow\",\"Principal\":{\"AWS\":\"arn:aws:iam::503517101544:root\"},\"Resource\":\"*\",\"Sid\":\"Enable IAM User Permissions\"}],\"Version\":\"2012-10-17\"}",
            "tags": {
              "Example": "terra-cluster",
              "GithubOrg": "soinshane",
              "GithubRepo": "basic-api-2"
            },
            "tags_all": {
              "Example": "terra-cluster",
              "GithubOrg": "soinshane",
              "GithubRepo": "basic-api-2",
              "appname": "basic-app",
              "appversion": "1.0.0",
              "deploy": "terraform",
              "env": "develop"
            }
          },
          "sensitive_attributes": [],
          "private": "bnVsbA=="
        }
      ]
    },
    {
      "mode": "managed",
      "type": "aws_security_group",
      "name": "additional",
      "provider": "provider[\"registry.terraform.io/hashicorp/aws\"]",
      "instances": [
        {
          "schema_version": 1,
          "attributes": {
            "arn": "arn:aws:ec2:us-west-1:503517101544:security-group/sg-082d73104fc4a6acb",
            "description": "Managed by Terraform",
            "egress": [],
            "id": "sg-082d73104fc4a6acb",
            "ingress": [
              {
                "cidr_blocks": [
                  "10.0.0.0/8",
                  "172.16.0.0/12",
                  "192.168.0.0/16"
                ],
                "description": "",
                "from_port": 22,
                "ipv6_cidr_blocks": [],
                "prefix_list_ids": [],
                "protocol": "tcp",
                "security_groups": [],
                "self": false,
                "to_port": 22
              }
            ],
            "name": "terra-cluster-additional",
            "name_prefix": "",
            "owner_id": "503517101544",
            "revoke_rules_on_delete": false,
            "tags": {
              "Example": "terra-cluster",
              "GithubOrg": "soinshane",
              "GithubRepo": "basic-api-2"
            },
            "tags_all": {
              "Example": "terra-cluster",
              "GithubOrg": "soinshane",
              "GithubRepo": "basic-api-2",
              "appname": "basic-app",
              "appversion": "1.0.0",
              "deploy": "terraform",
              "env": "develop"
            },
            "timeouts": null,
            "vpc_id": "vpc-0dbc4c9e7479d7a7d"
          },
          "sensitive_attributes": [],
          "private": "eyJlMmJmYjczMC1lY2FhLTExZTYtOGY4OC0zNDM2M2JjN2M0YzAiOnsiY3JlYXRlIjo2MDAwMDAwMDAwMDAsImRlbGV0ZSI6OTAwMDAwMDAwMDAwfSwic2NoZW1hX3ZlcnNpb24iOiIxIn0=",
          "dependencies": [
            "module.vpc.aws_vpc.this"
          ],
          "create_before_destroy": true
        }
      ]
    },
    {
      "mode": "managed",
      "type": "aws_security_group",
      "name": "remote_access",
      "provider": "provider[\"registry.terraform.io/hashicorp/aws\"]",
      "instances": [
        {
          "schema_version": 1,
          "attributes": {
            "arn": "arn:aws:ec2:us-west-1:503517101544:security-group/sg-0812189c076430a6b",
            "description": "Allow remote SSH access",
            "egress": [
              {
                "cidr_blocks": [
                  "0.0.0.0/0"
                ],
                "description": "",
                "from_port": 0,
                "ipv6_cidr_blocks": [
                  "::/0"
                ],
                "prefix_list_ids": [],
                "protocol": "-1",
                "security_groups": [],
                "self": false,
                "to_port": 0
              }
            ],
            "id": "sg-0812189c076430a6b",
            "ingress": [
              {
                "cidr_blocks": [
                  "10.0.0.0/8"
                ],
                "description": "SSH access",
                "from_port": 22,
                "ipv6_cidr_blocks": [],
                "prefix_list_ids": [],
                "protocol": "tcp",
                "security_groups": [],
                "self": false,
                "to_port": 22
              }
            ],
            "name": "terra-cluster-remote-access",
            "name_prefix": "",
            "owner_id": "503517101544",
            "revoke_rules_on_delete": false,
            "tags": {
              "Example": "terra-cluster",
              "GithubOrg": "soinshane",
              "GithubRepo": "basic-api-2"
            },
            "tags_all": {
              "Example": "terra-cluster",
              "GithubOrg": "soinshane",
              "GithubRepo": "basic-api-2",
              "appname": "basic-app",
              "appversion": "1.0.0",
              "deploy": "terraform",
              "env": "develop"
            },
            "timeouts": null,
            "vpc_id": "vpc-0dbc4c9e7479d7a7d"
          },
          "sensitive_attributes": [],
          "private": "eyJlMmJmYjczMC1lY2FhLTExZTYtOGY4OC0zNDM2M2JjN2M0YzAiOnsiY3JlYXRlIjo2MDAwMDAwMDAwMDAsImRlbGV0ZSI6OTAwMDAwMDAwMDAwfSwic2NoZW1hX3ZlcnNpb24iOiIxIn0=",
          "dependencies": [
            "module.vpc.aws_vpc.this"
          ]
        }
      ]
    },
    {
      "mode": "managed",
      "type": "null_resource",
      "name": "patch",
      "provider": "provider[\"registry.terraform.io/hashicorp/null\"]",
      "instances": [
        {
          "schema_version": 0,
          "attributes": {
            "id": "8908331718128229217",
            "triggers": {
              "cmd_patch": "echo running config \u0026\u0026 kubectl patch configmap/aws-auth --patch \"apiVersion: v1\nkind: ConfigMap\nmetadata:\n  name: aws-auth\n  namespace: kube-system\ndata:\n  mapRoles: |\n    - rolearn: arn:aws:iam::503517101544:role/data-eks-node-group-20220422041838763600000007\n      username: system:node:{{EC2PrivateDNSName}}\n      groups:\n        - system:bootstrappers\n        - system:nodes\n    - rolearn: arn:aws:iam::503517101544:role/main-eks-node-group-20220422041838763600000006\n      username: system:node:{{EC2PrivateDNSName}}\n      groups:\n        - system:bootstrappers\n        - system:nodes\n    - rolearn: arn:aws:iam::503517101544:role/main-eks-node-group-20220422041838763600000006\n      username: system:node:{{EC2PrivateDNSName}}\n      groups:\n        - system:bootstrappers\n        - system:nodes\n  mapUsers: |\n    - rolearn: \"arn:aws:iam::arn:aws:iam::503517101544:user/terraform-user:user/arn:aws:iam::503517101544:user/terraform-user\"\n      username: terraform\n      groups:\n        - system:masters\n\" -n kube-system --kubeconfig \u003c(echo $KUBECONFIG | base64 --decode)",
              "kubeconfig": "ImFwaVZlcnNpb24iOiAidjEiCiJjbHVzdGVycyI6Ci0gImNsdXN0ZXIiOgogICAgImNlcnRpZmljYXRlLWF1dGhvcml0eS1kYXRhIjogIkxTMHRMUzFDUlVkSlRpQkRSVkpVU1VaSlEwRlVSUzB0TFMwdENrMUpTVU0xZWtORFFXTXJaMEYzU1VKQlowbENRVVJCVGtKbmEzRm9hMmxIT1hjd1FrRlJjMFpCUkVGV1RWSk5kMFZSV1VSV1VWRkVSWGR3Y21SWFNtd0tZMjAxYkdSSFZucE5RalJZUkZSSmVVMUVVWGxOYWtFd1RXcFJlRTFXYjFoRVZFMTVUVVJSZUU5VVFUQk5hbEY0VFZadmQwWlVSVlJOUWtWSFFURlZSUXBCZUUxTFlUTldhVnBZU25WYVdGSnNZM3BEUTBGVFNYZEVVVmxLUzI5YVNXaDJZMDVCVVVWQ1FsRkJSR2RuUlZCQlJFTkRRVkZ2UTJkblJVSkJUbmRrQ25GbFZEZGxjVEZVY1RGRFZtcHpRVzV0YWpabFVuRjNSV3RHU25od1QwRXJWRmx1VkM5SFNucFVhVGw2ZERCVWRteE9hRmREUzFsbk0yRnRSaXRPWTFvS09FVmFkMmhIY1ZGM01tWkpWbEpSU21KSk9IVXhhbEIyU2t0cFIyaDROR3hPVG5NM1dWVkVWbTlpTTBKNGFGTnlNbGhHWm5oR01IUmxTVkJPUm1ZM1Z3cGhjRFYzTUdvMFdXazRVRXhXS3pSaGRYbHRVM2R1TWpsMGNUQlplVmMyY2tkelNsTk1RMHBCYnpkdWJWSjBXRTFDUmtKaU4yOUNhSGd3UkZwQ2VWTXZDbHBxU2xWQ1FpOXJkMWM1V2xOemVXRmFjbFZPZW5sQ2IxUllkazluU0RGNlRVbFZRbEJ3YWpoQmVtOW5OV0pSY25OUk9YbG1SR0ZNWTBaeWJGWmxkRTBLTXpZd1pWQjBVMVZ1ZVhSelVYVlBLMjlhVVRSTFVDdFZjakZRVDJSb1oxVXhSemRxVDBwR1RGVnBZbVp3TkM5YVRVSjVaMGxqU3pGSlJWbG9XVEZGTXdvMlZYaFdMMGxVTjNCbFdYRmxVMjFpYTJ4elEwRjNSVUZCWVU1RFRVVkJkMFJuV1VSV1VqQlFRVkZJTDBKQlVVUkJaMHRyVFVFNFIwRXhWV1JGZDBWQ0NpOTNVVVpOUVUxQ1FXWTRkMGhSV1VSV1VqQlBRa0paUlVaT1FXWlNTMXBNWWxGM1IzVlpORXBOTmtOT05qWjFVSEZHZURkTlFUQkhRMU54UjFOSllqTUtSRkZGUWtOM1ZVRkJORWxDUVZGRE5TdEZkbVJvV1RCa01saHlOa1JwYm1NM1prVkNjbXgyVm01b05qTllUMVpKUVVOaWNsZHlXRVI2Y2l0RGEwSkhMd3BQVEdGeFFrZG1hRE5DYm5WeFlUTXpibUl3ZWxZeldGTnFObE52UmtoWlZETXZWVVZpUW5wVVMzWXpRMWMxTDNWbk5uWlBWSHBWVlhoSFlpOTZVVmh5Q2tGTWNVMWtVVUZXVUZOVmJtRXJSMkp0VDBRdlZtVnVNREpVYlZaS1dVWjVVVXRyYlhkd2QzbENUazk0TXpadGREQllWV2hvVG1WaU5qaFdibmMwTDNrS01EWkpWMWhSVW00M2NrVnFSeTlvUTBOTWJVWklkR3A1WldWUVIwSmtZalk0WjNoVU1tUm5hbmRKWTJ0dlpIWlNkVGhMWjI0d2VuRmpSelZDZW5WTU53cGtWREZTU0VzNWVuaDFjVlZ4TkZwTVpXZFNaSGxCVUdSckt6QjNlVFoyTTJWa1RGSmxUVTVwUkZKbmVtdGFUbVJhY1VreE1DOTVTa3hzZUc5dlJrUnJDa0ZGYlhsMGRYSm1hRWswUlhsWlZVOURZVXRxZG01WVYxVk1la1JOUlhKVE1VWTJUZ290TFMwdExVVk9SQ0JEUlZKVVNVWkpRMEZVUlMwdExTMHRDZz09IgogICAgInNlcnZlciI6ICJodHRwczovL0RFODM4MURBNERDQjQ3OTg5NDczNEZEMkQyNzA3MUY3LmdyNy51cy13ZXN0LTEuZWtzLmFtYXpvbmF3cy5jb20iCiAgIm5hbWUiOiAiYmFzaWMtYXBpLTIiCiJjb250ZXh0cyI6Ci0gImNvbnRleHQiOgogICAgImNsdXN0ZXIiOiAiYmFzaWMtYXBpLTIiCiAgICAidXNlciI6ICJ0ZXJyYWZvcm0iCiAgIm5hbWUiOiAidGVycmFmb3JtIgoiY3VycmVudC1jb250ZXh0IjogInRlcnJhZm9ybSIKImtpbmQiOiAiQ29uZmlnIgoidXNlcnMiOgotICJuYW1lIjogInRlcnJhZm9ybSIKICAidXNlciI6CiAgICAidG9rZW4iOiAiazhzLWF3cy12MS5hSFIwY0hNNkx5OXpkSE11WVcxaGVtOXVZWGR6TG1OdmJTOF9RV04wYVc5dVBVZGxkRU5oYkd4bGNrbGtaVzUwYVhSNUpsWmxjbk5wYjI0OU1qQXhNUzB3TmkweE5TWllMVUZ0ZWkxQmJHZHZjbWwwYUcwOVFWZFROQzFJVFVGRExWTklRVEkxTmlaWUxVRnRlaTFEY21Wa1pXNTBhV0ZzUFVGTFNVRllTMDgzVmtoWVZVcFZXRWxTVVVaTkpUSkdNakF5TWpBME1qSWxNa1oxY3kxbFlYTjBMVEVsTWtaemRITWxNa1poZDNNMFgzSmxjWFZsYzNRbVdDMUJiWG90UkdGMFpUMHlNREl5TURReU1sUXdOREkzTURsYUpsZ3RRVzE2TFVWNGNHbHlaWE05TUNaWUxVRnRlaTFUYVdkdVpXUklaV0ZrWlhKelBXaHZjM1FsTTBKNExXczRjeTFoZDNNdGFXUW1XQzFCYlhvdFUybG5ibUYwZFhKbFBXSTNNVEV3WVRKbE0yTXhaamt6WXpNeE5ETTVOakZpTURFME16WTNaamt3TmpkbU5ERmhOV1E0WXpsaFlUTmlORGMxTTJObE5tWmtNakZqTmpCak1XRSIK"
            }
          },
          "sensitive_attributes": [
            [
              {
                "type": "get_attr",
                "value": "triggers"
              },
              {
                "type": "index",
                "value": {
                  "value": "kubeconfig",
                  "type": "string"
                }
              }
            ]
          ],
          "private": "bnVsbA==",
          "dependencies": [
            "aws_security_group.additional",
            "data.aws_availability_zones.available",
            "data.aws_caller_identity.current",
            "data.aws_eks_cluster_auth.cluster",
            "module.eks.aws_cloudwatch_log_group.this",
            "module.eks.aws_eks_cluster.this",
            "module.eks.aws_iam_role.this",
            "module.eks.aws_iam_role_policy_attachment.this",
            "module.eks.aws_security_group.cluster",
            "module.eks.aws_security_group.node",
            "module.eks.aws_security_group_rule.cluster",
            "module.eks.aws_security_group_rule.node",
            "module.eks.data.aws_iam_policy_document.assume_role_policy",
            "module.eks.data.aws_partition.current",
            "module.eks.module.eks_managed_node_group.aws_eks_node_group.this",
            "module.eks.module.eks_managed_node_group.aws_iam_role.this",
            "module.eks.module.eks_managed_node_group.aws_iam_role_policy_attachment.this",
            "module.eks.module.eks_managed_node_group.aws_launch_template.this",
            "module.eks.module.eks_managed_node_group.aws_security_group.this",
            "module.eks.module.eks_managed_node_group.aws_security_group_rule.this",
            "module.eks.module.eks_managed_node_group.data.aws_caller_identity.current",
            "module.eks.module.eks_managed_node_group.data.aws_iam_policy_document.assume_role_policy",
            "module.eks.module.eks_managed_node_group.data.aws_partition.current",
            "module.eks.module.eks_managed_node_group.module.user_data.data.cloudinit_config.linux_eks_managed_node_group",
            "module.eks.module.fargate_profile.aws_eks_fargate_profile.this",
            "module.eks.module.fargate_profile.aws_iam_role.this",
            "module.eks.module.fargate_profile.aws_iam_role_policy_attachment.this",
            "module.eks.module.fargate_profile.data.aws_caller_identity.current",
            "module.eks.module.fargate_profile.data.aws_iam_policy_document.assume_role_policy",
            "module.eks.module.fargate_profile.data.aws_partition.current",
            "module.eks.module.self_managed_node_group.aws_autoscaling_group.this",
            "module.eks.module.self_managed_node_group.aws_autoscaling_schedule.this",
            "module.eks.module.self_managed_node_group.aws_iam_instance_profile.this",
            "module.eks.module.self_managed_node_group.aws_iam_role.this",
            "module.eks.module.self_managed_node_group.aws_iam_role_policy_attachment.this",
            "module.eks.module.self_managed_node_group.aws_launch_template.this",
            "module.eks.module.self_managed_node_group.aws_security_group.this",
            "module.eks.module.self_managed_node_group.aws_security_group_rule.this",
            "module.eks.module.self_managed_node_group.data.aws_ami.eks_default",
            "module.eks.module.self_managed_node_group.data.aws_caller_identity.current",
            "module.eks.module.self_managed_node_group.data.aws_default_tags.current",
            "module.eks.module.self_managed_node_group.data.aws_iam_policy_document.assume_role_policy",
            "module.eks.module.self_managed_node_group.data.aws_partition.current",
            "module.eks.module.self_managed_node_group.module.user_data.data.cloudinit_config.linux_eks_managed_node_group",
            "module.vpc.aws_subnet.private",
            "module.vpc.aws_vpc.this",
            "module.vpc.aws_vpc_ipv4_cidr_block_association.this"
          ]
        }
      ]
    },
    {
      "mode": "managed",
      "type": "tls_private_key",
      "name": "this",
      "provider": "provider[\"registry.terraform.io/hashicorp/tls\"]",
      "instances": [
        {
          "schema_version": 0,
          "attributes": {
            "algorithm": "RSA",
            "ecdsa_curve": "P224",
            "id": "91ab93f450b6890c7a5072194988a1adf510b9b1",
            "private_key_openssh": "-----BEGIN OPENSSH PRIVATE KEY-----\nb3BlbnNzaC1rZXktdjEAAAAABG5vbmUAAAAEbm9uZQAAAAAAAAABAAACFwAAAAdz\nc2gtcnNhAAAAAwEAAQAAAgEAwUPNtriXJLUKXDHYH3HZTFooQEiTYIftPajtqKs0\nJHb7XKXdUXE4JwoCEWtqghfK9btZ+6P7YYx25SNXEW/MO1EVc9jh2WPJT6yLC4N2\n5T1vrZep3y2fA65SKZFc9Z5a28MRbrcX3iENFEZUzJqPXRhzVKADWwaGrkbuZ03V\nbGZ0C0yoGg+cg3IiP1FiZl7iXrgl8z4aic0YB1awH47UxdQZUaOCYL/w0sQsm1Mn\ndSbBy5DgEXXf7OhUjKjKiZEbanGsbLf8XB4EhiCUKE8g0EQkriLP1aJ05msGCLLS\nuIvZ8LXJj4Tq1EhGPdwhL3SfTimhk0o+NYfwN61omUkm5xkQ+jSblSRxrFazBPjr\nbLEC4jp3W7JOGxuKxzwWnU6v0fYhDd1ZryFfCafaHHx0qQhNoGP8Zv/JSju6u7/d\nMO+FJZL8R8mF/beQbqy18XyFQnFdn+7Mwh7+OnfTEESXuCYBtPvmQQAkm+qhLRK2\nyMLObT/XL0L6K6xvGmA8puN0LVjm/aT4NR+OL9Mc116fId8cJXshH/3B3/YfWmYu\npvlSZqnfaPiIGMhz4qR7QSfrqXcJ/L9ChNmWeolQoRMTkIJGAg6L3VbUT3ZMYNq8\nZ8EK+79fedo/TTw5Wq+k8zRlt9ajLZKXQVuXOrN+/d5e1J3B7V27ZWD4mLGaXLrJ\n6fsAAAc4Pgv/fT4L/30AAAAHc3NoLXJzYQAAAgEAwUPNtriXJLUKXDHYH3HZTFoo\nQEiTYIftPajtqKs0JHb7XKXdUXE4JwoCEWtqghfK9btZ+6P7YYx25SNXEW/MO1EV\nc9jh2WPJT6yLC4N25T1vrZep3y2fA65SKZFc9Z5a28MRbrcX3iENFEZUzJqPXRhz\nVKADWwaGrkbuZ03VbGZ0C0yoGg+cg3IiP1FiZl7iXrgl8z4aic0YB1awH47UxdQZ\nUaOCYL/w0sQsm1MndSbBy5DgEXXf7OhUjKjKiZEbanGsbLf8XB4EhiCUKE8g0EQk\nriLP1aJ05msGCLLSuIvZ8LXJj4Tq1EhGPdwhL3SfTimhk0o+NYfwN61omUkm5xkQ\n+jSblSRxrFazBPjrbLEC4jp3W7JOGxuKxzwWnU6v0fYhDd1ZryFfCafaHHx0qQhN\noGP8Zv/JSju6u7/dMO+FJZL8R8mF/beQbqy18XyFQnFdn+7Mwh7+OnfTEESXuCYB\ntPvmQQAkm+qhLRK2yMLObT/XL0L6K6xvGmA8puN0LVjm/aT4NR+OL9Mc116fId8c\nJXshH/3B3/YfWmYupvlSZqnfaPiIGMhz4qR7QSfrqXcJ/L9ChNmWeolQoRMTkIJG\nAg6L3VbUT3ZMYNq8Z8EK+79fedo/TTw5Wq+k8zRlt9ajLZKXQVuXOrN+/d5e1J3B\n7V27ZWD4mLGaXLrJ6fsAAAADAQABAAACAQCUQVEzVBMN45tY8huas5lACwFJnuL/\ncAY8ALSfaQYM2wEkJ1DJwxKSUAkaF86SkXHuY5Q5h6e1Qy2JxTxrcdm3vxG31q4a\nN4QcjH31jRnN7P0Yq3lybOrIxhbdMFehS6LjZpae2fGDQtNntDQk6IQFpFYEmuM4\nFp+GXX9Q29JW35kxedKSe1tTMmC3NdVINo1sn9Ls770n7J78MjHVY5oxT+1ERSwk\nz9kLtdWKKZXhNqP/ZtmcS1JFyEvjwy/rq9beJulgVRtQBu7tfVxqN5kyarPAqY/J\nkGAgygTM83DWhOHg13MRl6MUyYSou47xeoMiUKlT9eYW5nsOGwZcYFNoKYTtFF5M\nzcNxQ4jixbopLZgUT4ksKctBcsPQAMbOeoj/OePvhpPDjuG7kO72ZQucAyz4GGwv\njCWxpMNX4tbQmenbYVVqH/jvbNplWaCEtckrSXZKIbsGOcDn/Ncawpv6j8BbDhC4\nyRTqGdlQHeiZDREXGSOHbJRKFyYphtemzdRqSYWg1n1eGfwYDrOU0XBxoDhigE6O\ngy+GbDbf5NX4+SW7I2o5FLoZvdci4uzhE0IipFDbetqFrxCBeJxpe1dMCUN4MOFG\nyUU2z/VzDsFpKWN4SLtJzWoUQ+3o2vHrhtYD256zbNHh36g0o7V07RQeDcrJfQyQ\n68RtDIsruBUJkQAAAQAzy/4NIXhrtZ1+hPA++XhrlJU8PaKo+FL8xL4XlLH+H7MZ\nQSMBK0CaOFcTiptXBulKiXPUYsuwlnT5foPql4vp69drfkehmK1PM9QDZSjofTAr\nAw3+Wm9uAsgZdOK/sPMNq3bl9OuZd+ahFfN7gF8ZiJtHII0/2lXQYclDl6AHqowc\nKtd9Mr7zcpFKZXJvFPb2d3Cl24XKqM/KZdd6Cjiq8WFCrSMvoryEFuwIxfgLwWe/\npsx+t/6yLGX6gS3IW7lYmQd3BgLAWsN29UKM4Knd5oy84YasrfoCGWcuBGMCriXK\nIq2PO4V/KarmOnNyaODcXC5DnWAR6P5/ysooqudhAAABAQD0DHh4mQoVVb46RHiS\nM1u4TCeyMbnSgRFLAw2x301F3h9NsfYQkeLMDqsSWx6GI2cbYlBmEoR2G6u6jRuE\nICtmOfUxyF56CDbBnaqis61SCCemumOm07GwvMw1FvvAHE0KgOtEgHh/zBgYEYXW\n0NkHkTVxdyeOwevFdVHWcHbQS+KFQLzNl+MafhjUNuvscbr4xGhZ1rJaegQF1BMY\nCllz2Y3yj4AN+HFTw6CFA2Q1oGowfs5Oo6EhGiTOkiILoVGiUbrCGpH40yMCqtOv\nqh/yMf2i983Yb4Ttng/5rKpfl0u9BciWEQ1HLYIypreO8pgCBKsbhwYl4H69SgWa\nwb/nAAABAQDKuq20AiE+tXD+SS5beI2WJ6v7Jv1X/M5ZVpJrX8xwDHt0glBCKsR3\nwBPb8pYFtKj3EV1D059XP/zG/vqglr36fRhZYJT9ELUjtO+/4PjxqVl41yLcfkYL\n5q5CadWsHX5rBD3LLSo61xaVPsAOi1p2o0CnsT8DhoWbD7ytwx2QB5xSKwXSxZ6Z\nFs0N7oxUpZ7zPvzO6mW5294za/BNnOese+5PluQf9gXx7eEOnVSpMiIqtnxR5RtW\nr5lwP1NkHlIj9OHU7HF+eMa/Ev+Ghebr9gTsU9xmFfadUb9wCpAOP1yFJZevjj7T\nj0SwaijyTa2sd7bzLMuMVjXqSp2QExLNAAAAAAEC\n-----END OPENSSH PRIVATE KEY-----\n",
            "private_key_pem": "-----BEGIN RSA PRIVATE KEY-----\nMIIJKAIBAAKCAgEAwUPNtriXJLUKXDHYH3HZTFooQEiTYIftPajtqKs0JHb7XKXd\nUXE4JwoCEWtqghfK9btZ+6P7YYx25SNXEW/MO1EVc9jh2WPJT6yLC4N25T1vrZep\n3y2fA65SKZFc9Z5a28MRbrcX3iENFEZUzJqPXRhzVKADWwaGrkbuZ03VbGZ0C0yo\nGg+cg3IiP1FiZl7iXrgl8z4aic0YB1awH47UxdQZUaOCYL/w0sQsm1MndSbBy5Dg\nEXXf7OhUjKjKiZEbanGsbLf8XB4EhiCUKE8g0EQkriLP1aJ05msGCLLSuIvZ8LXJ\nj4Tq1EhGPdwhL3SfTimhk0o+NYfwN61omUkm5xkQ+jSblSRxrFazBPjrbLEC4jp3\nW7JOGxuKxzwWnU6v0fYhDd1ZryFfCafaHHx0qQhNoGP8Zv/JSju6u7/dMO+FJZL8\nR8mF/beQbqy18XyFQnFdn+7Mwh7+OnfTEESXuCYBtPvmQQAkm+qhLRK2yMLObT/X\nL0L6K6xvGmA8puN0LVjm/aT4NR+OL9Mc116fId8cJXshH/3B3/YfWmYupvlSZqnf\naPiIGMhz4qR7QSfrqXcJ/L9ChNmWeolQoRMTkIJGAg6L3VbUT3ZMYNq8Z8EK+79f\nedo/TTw5Wq+k8zRlt9ajLZKXQVuXOrN+/d5e1J3B7V27ZWD4mLGaXLrJ6fsCAwEA\nAQKCAgEAlEFRM1QTDeObWPIbmrOZQAsBSZ7i/3AGPAC0n2kGDNsBJCdQycMSklAJ\nGhfOkpFx7mOUOYentUMticU8a3HZt78Rt9auGjeEHIx99Y0Zzez9GKt5cmzqyMYW\n3TBXoUui42aWntnxg0LTZ7Q0JOiEBaRWBJrjOBafhl1/UNvSVt+ZMXnSkntbUzJg\ntzXVSDaNbJ/S7O+9J+ye/DIx1WOaMU/tREUsJM/ZC7XViimV4Taj/2bZnEtSRchL\n48Mv66vW3ibpYFUbUAbu7X1cajeZMmqzwKmPyZBgIMoEzPNw1oTh4NdzEZejFMmE\nqLuO8XqDIlCpU/XmFuZ7DhsGXGBTaCmE7RReTM3DcUOI4sW6KS2YFE+JLCnLQXLD\n0ADGznqI/znj74aTw47hu5Du9mULnAMs+BhsL4wlsaTDV+LW0Jnp22FVah/472za\nZVmghLXJK0l2SiG7BjnA5/zXGsKb+o/AWw4QuMkU6hnZUB3omQ0RFxkjh2yUShcm\nKYbXps3UakmFoNZ9Xhn8GA6zlNFwcaA4YoBOjoMvhmw23+TV+PkluyNqORS6Gb3X\nIuLs4RNCIqRQ23raha8QgXicaXtXTAlDeDDhRslFNs/1cw7BaSljeEi7Sc1qFEPt\n6Nrx64bWA9ues2zR4d+oNKO1dO0UHg3KyX0MkOvEbQyLK7gVCZECggEBAPQMeHiZ\nChVVvjpEeJIzW7hMJ7IxudKBEUsDDbHfTUXeH02x9hCR4swOqxJbHoYjZxtiUGYS\nhHYbq7qNG4QgK2Y59THIXnoINsGdqqKzrVIIJ6a6Y6bTsbC8zDUW+8AcTQqA60SA\neH/MGBgRhdbQ2QeRNXF3J47B68V1UdZwdtBL4oVAvM2X4xp+GNQ26+xxuvjEaFnW\nslp6BAXUExgKWXPZjfKPgA34cVPDoIUDZDWgajB+zk6joSEaJM6SIguhUaJRusIa\nkfjTIwKq06+qH/Ix/aL3zdhvhO2eD/msql+XS70FyJYRDUctgjKmt47ymAIEqxuH\nBiXgfr1KBZrBv+cCggEBAMq6rbQCIT61cP5JLlt4jZYnq/sm/Vf8zllWkmtfzHAM\ne3SCUEIqxHfAE9vylgW0qPcRXUPTn1c//Mb++qCWvfp9GFlglP0QtSO077/g+PGp\nWXjXItx+RgvmrkJp1awdfmsEPcstKjrXFpU+wA6LWnajQKexPwOGhZsPvK3DHZAH\nnFIrBdLFnpkWzQ3ujFSlnvM+/M7qZbnb3jNr8E2c56x77k+W5B/2BfHt4Q6dVKky\nIiq2fFHlG1avmXA/U2QeUiP04dTscX54xr8S/4aF5uv2BOxT3GYV9p1Rv3AKkA4/\nXIUll6+OPtOPRLBqKPJNrax3tvMsy4xWNepKnZATEs0CggEAGO5ZNEC2Ff3fZAZw\npsbWXNpyx7JqwEVtJdOXB4+/Th7l5cMDVygAGkZ5VXO3h46ATvzZJ8RGgeZLwc/+\nep3qsRPEp6RHeoHyTg80SlC+qP2qR08NNRK1OU/gMKA7caGygRswbZwOM0f/Qh4w\nJQTK1woPgprgkKXg1xgoFxcAHEFUT7aQUxRsH9233Z4KtencZuNxoZPcPn/uf0Xt\n+Wu9PaeA58GfHE5ADYWTlWMGTrAniPK7Uq9Gm6IXFn85OSTuuP1ObdvXA6tWDUS0\nQWLIxq4ysf5Mqgqicr/N8/yenwtOsm2v0xzE1XuhrFj5sYG446Pkcvh1OVNYvy+b\nqPaYCwKCAQAWJGmQfaMP7FVZELkleHdObSrVlZ6aG5yWGWSIob/8hQB+6zTE5VLs\nGWiR318PZHoH8jeTjuuaZfy/512MaKp7T2p3aJsdQNPoAH0nIfVOv8Zr8mN2Xbxc\n1Gc4DcMut1H1clMle9te7dsjleT4MbRBvPb02eEeC3VQSFm9SNBTyOEEAHr0WG1I\nHztqSCG/pQ9FVh3ao7NUp3UPfLyUXYzYQ/j1bG+iJgbkM60fIYP7ruQYcjIF59Yi\nk69YmTIMf1tNXhPEY8bJn3tlpzeNg9aC8y36efZamA+Fg0Y7gIvXYohCaqa0n/6w\nsLc55X5vaJiNe83ZpYzd2RSucFPhRpQJAoIBADPL/g0heGu1nX6E8D75eGuUlTw9\noqj4UvzEvheUsf4fsxlBIwErQJo4VxOKm1cG6UqJc9Riy7CWdPl+g+qXi+nr12t+\nR6GYrU8z1ANlKOh9MCsDDf5ab24CyBl04r+w8w2rduX065l35qEV83uAXxmIm0cg\njT/aVdBhyUOXoAeqjBwq130yvvNykUplcm8U9vZ3cKXbhcqoz8pl13oKOKrxYUKt\nIy+ivIQW7AjF+AvBZ7+mzH63/rIsZfqBLchbuViZB3cGAsBaw3b1Qozgqd3mjLzh\nhqyt+gIZZy4EYwKuJcoirY87hX8pquY6c3Jo4NxcLkOdYBHo/n/Kyiiq52E=\n-----END RSA PRIVATE KEY-----\n",
            "public_key_fingerprint_md5": "bc:06:84:f3:8d:0b:5b:e1:6c:f0:1c:6e:88:e9:6a:bf",
            "public_key_fingerprint_sha256": "SHA256:SlPzo5IJIosJNYgGS+nraNC1J4gG2rInsxp4Vbs3Oxw",
            "public_key_openssh": "ssh-rsa AAAAB3NzaC1yc2EAAAADAQABAAACAQDBQ822uJcktQpcMdgfcdlMWihASJNgh+09qO2oqzQkdvtcpd1RcTgnCgIRa2qCF8r1u1n7o/thjHblI1cRb8w7URVz2OHZY8lPrIsLg3blPW+tl6nfLZ8DrlIpkVz1nlrbwxFutxfeIQ0URlTMmo9dGHNUoANbBoauRu5nTdVsZnQLTKgaD5yDciI/UWJmXuJeuCXzPhqJzRgHVrAfjtTF1BlRo4Jgv/DSxCybUyd1JsHLkOARdd/s6FSMqMqJkRtqcaxst/xcHgSGIJQoTyDQRCSuIs/VonTmawYIstK4i9nwtcmPhOrUSEY93CEvdJ9OKaGTSj41h/A3rWiZSSbnGRD6NJuVJHGsVrME+OtssQLiOndbsk4bG4rHPBadTq/R9iEN3VmvIV8Jp9ocfHSpCE2gY/xm/8lKO7q7v90w74UlkvxHyYX9t5BurLXxfIVCcV2f7szCHv46d9MQRJe4JgG0++ZBACSb6qEtErbIws5tP9cvQvorrG8aYDym43QtWOb9pPg1H44v0xzXXp8h3xwleyEf/cHf9h9aZi6m+VJmqd9o+IgYyHPipHtBJ+updwn8v0KE2ZZ6iVChExOQgkYCDovdVtRPdkxg2rxnwQr7v1952j9NPDlar6TzNGW31qMtkpdBW5c6s3793l7UncHtXbtlYPiYsZpcusnp+w==\n",
            "public_key_pem": "-----BEGIN PUBLIC KEY-----\nMIICIjANBgkqhkiG9w0BAQEFAAOCAg8AMIICCgKCAgEAwUPNtriXJLUKXDHYH3HZ\nTFooQEiTYIftPajtqKs0JHb7XKXdUXE4JwoCEWtqghfK9btZ+6P7YYx25SNXEW/M\nO1EVc9jh2WPJT6yLC4N25T1vrZep3y2fA65SKZFc9Z5a28MRbrcX3iENFEZUzJqP\nXRhzVKADWwaGrkbuZ03VbGZ0C0yoGg+cg3IiP1FiZl7iXrgl8z4aic0YB1awH47U\nxdQZUaOCYL/w0sQsm1MndSbBy5DgEXXf7OhUjKjKiZEbanGsbLf8XB4EhiCUKE8g\n0EQkriLP1aJ05msGCLLSuIvZ8LXJj4Tq1EhGPdwhL3SfTimhk0o+NYfwN61omUkm\n5xkQ+jSblSRxrFazBPjrbLEC4jp3W7JOGxuKxzwWnU6v0fYhDd1ZryFfCafaHHx0\nqQhNoGP8Zv/JSju6u7/dMO+FJZL8R8mF/beQbqy18XyFQnFdn+7Mwh7+OnfTEESX\nuCYBtPvmQQAkm+qhLRK2yMLObT/XL0L6K6xvGmA8puN0LVjm/aT4NR+OL9Mc116f\nId8cJXshH/3B3/YfWmYupvlSZqnfaPiIGMhz4qR7QSfrqXcJ/L9ChNmWeolQoRMT\nkIJGAg6L3VbUT3ZMYNq8Z8EK+79fedo/TTw5Wq+k8zRlt9ajLZKXQVuXOrN+/d5e\n1J3B7V27ZWD4mLGaXLrJ6fsCAwEAAQ==\n-----END PUBLIC KEY-----\n",
            "rsa_bits": 4096
          },
          "sensitive_attributes": [],
          "private": "bnVsbA=="
        }
      ]
    },
    {
      "module": "module.eks",
      "mode": "data",
      "type": "aws_iam_policy_document",
      "name": "assume_role_policy",
      "provider": "provider[\"registry.terraform.io/hashicorp/aws\"]",
      "instances": [
        {
          "index_key": 0,
          "schema_version": 0,
          "attributes": {
            "id": "2764486067",
            "json": "{\n  \"Version\": \"2012-10-17\",\n  \"Statement\": [\n    {\n      \"Sid\": \"EKSClusterAssumeRole\",\n      \"Effect\": \"Allow\",\n      \"Action\": \"sts:AssumeRole\",\n      \"Principal\": {\n        \"Service\": \"eks.amazonaws.com\"\n      }\n    }\n  ]\n}",
            "override_json": null,
            "override_policy_documents": null,
            "policy_id": null,
            "source_json": null,
            "source_policy_documents": null,
            "statement": [
              {
                "actions": [
                  "sts:AssumeRole"
                ],
                "condition": [],
                "effect": "Allow",
                "not_actions": [],
                "not_principals": [],
                "not_resources": [],
                "principals": [
                  {
                    "identifiers": [
                      "eks.amazonaws.com"
                    ],
                    "type": "Service"
                  }
                ],
                "resources": [],
                "sid": "EKSClusterAssumeRole"
              }
            ],
            "version": "2012-10-17"
          },
          "sensitive_attributes": []
        }
      ]
    },
    {
      "module": "module.eks",
      "mode": "data",
      "type": "aws_partition",
      "name": "current",
      "provider": "provider[\"registry.terraform.io/hashicorp/aws\"]",
      "instances": [
        {
          "schema_version": 0,
          "attributes": {
            "dns_suffix": "amazonaws.com",
            "id": "aws",
            "partition": "aws",
            "reverse_dns_prefix": "com.amazonaws"
          },
          "sensitive_attributes": []
        }
      ]
    },
    {
      "module": "module.eks",
      "mode": "data",
      "type": "tls_certificate",
      "name": "this",
      "provider": "provider[\"registry.terraform.io/hashicorp/tls\"]",
      "instances": [
        {
          "index_key": 0,
          "schema_version": 0,
          "attributes": {
            "certificates": [
              {
                "is_ca": true,
                "issuer": "OU=Starfield Class 2 Certification Authority,O=Starfield Technologies\\, Inc.,C=US",
                "not_after": "2034-06-28T17:39:16Z",
                "not_before": "2009-09-02T00:00:00Z",
                "public_key_algorithm": "RSA",
                "serial_number": "12037640545166866303",
                "sha1_fingerprint": "9e99a48a9960b14926bb7f3b02e22da2b0ab7280",
                "signature_algorithm": "SHA256-RSA",
                "subject": "CN=Starfield Services Root Certificate Authority - G2,O=Starfield Technologies\\, Inc.,L=Scottsdale,ST=Arizona,C=US",
                "version": 3
              },
              {
                "is_ca": true,
                "issuer": "CN=Starfield Services Root Certificate Authority - G2,O=Starfield Technologies\\, Inc.,L=Scottsdale,ST=Arizona,C=US",
                "not_after": "2037-12-31T01:00:00Z",
                "not_before": "2015-05-25T12:00:00Z",
                "public_key_algorithm": "RSA",
                "serial_number": "144918191876577076464031512351042010504348870",
                "sha1_fingerprint": "06b25927c42a721631c1efd9431e648fa62e1e39",
                "signature_algorithm": "SHA256-RSA",
                "subject": "CN=Amazon Root CA 1,O=Amazon,C=US",
                "version": 3
              },
              {
                "is_ca": true,
                "issuer": "CN=Amazon Root CA 1,O=Amazon,C=US",
                "not_after": "2025-10-19T00:00:00Z",
                "not_before": "2015-10-22T00:00:00Z",
                "public_key_algorithm": "RSA",
                "serial_number": "144918209630989264145272943054026349679957517",
                "sha1_fingerprint": "917e732d330f9a12404f73d8bea36948b929dffc",
                "signature_algorithm": "SHA256-RSA",
                "subject": "CN=Amazon,OU=Server CA 1B,O=Amazon,C=US",
                "version": 3
              },
              {
                "is_ca": false,
                "issuer": "CN=Amazon,OU=Server CA 1B,O=Amazon,C=US",
                "not_after": "2022-07-11T23:59:59Z",
                "not_before": "2021-06-12T00:00:00Z",
                "public_key_algorithm": "RSA",
                "serial_number": "14071688487393326083890071616063744542",
                "sha1_fingerprint": "cbb6bd0bc300a796f571982074c904f87e22e60d",
                "signature_algorithm": "SHA256-RSA",
                "subject": "CN=oidc.eks.us-west-1.amazonaws.com",
                "version": 3
              }
            ],
            "id": "2022-04-22 04:27:10.034279826 +0000 UTC",
            "url": "https://oidc.eks.us-west-1.amazonaws.com/id/DE8381DA4DCB479894734FD2D27071F7",
            "verify_chain": true
          },
          "sensitive_attributes": []
        }
      ]
    },
    {
      "module": "module.eks",
      "mode": "managed",
      "type": "aws_cloudwatch_log_group",
      "name": "this",
      "provider": "provider[\"registry.terraform.io/hashicorp/aws\"]",
      "instances": [
        {
          "index_key": 0,
          "schema_version": 0,
          "attributes": {
            "arn": "arn:aws:logs:us-west-1:503517101544:log-group:/aws/eks/basic-api-2/cluster",
            "id": "/aws/eks/basic-api-2/cluster",
            "kms_key_id": "",
            "name": "/aws/eks/basic-api-2/cluster",
            "name_prefix": null,
            "retention_in_days": 90,
            "tags": null,
            "tags_all": {
              "appname": "basic-app",
              "appversion": "1.0.0",
              "deploy": "terraform",
              "env": "develop"
            }
          },
          "sensitive_attributes": [],
          "private": "bnVsbA==",
          "create_before_destroy": true
        }
      ]
    },
    {
      "module": "module.eks",
      "mode": "managed",
      "type": "aws_eks_cluster",
      "name": "this",
      "provider": "provider[\"registry.terraform.io/hashicorp/aws\"]",
      "instances": [
        {
          "index_key": 0,
          "schema_version": 0,
          "attributes": {
            "arn": "arn:aws:eks:us-west-1:503517101544:cluster/basic-api-2",
            "certificate_authority": [
              {
                "data": "LS0tLS1CRUdJTiBDRVJUSUZJQ0FURS0tLS0tCk1JSUM1ekNDQWMrZ0F3SUJBZ0lCQURBTkJna3Foa2lHOXcwQkFRc0ZBREFWTVJNd0VRWURWUVFERXdwcmRXSmwKY201bGRHVnpNQjRYRFRJeU1EUXlNakEwTWpReE1Wb1hEVE15TURReE9UQTBNalF4TVZvd0ZURVRNQkVHQTFVRQpBeE1LYTNWaVpYSnVaWFJsY3pDQ0FTSXdEUVlKS29aSWh2Y05BUUVCQlFBRGdnRVBBRENDQVFvQ2dnRUJBTndkCnFlVDdlcTFUcTFDVmpzQW5tajZlUnF3RWtGSnhwT0ErVFluVC9HSnpUaTl6dDBUdmxOaFdDS1lnM2FtRitOY1oKOEVad2hHcVF3MmZJVlJRSmJJOHUxalB2SktpR2h4NGxOTnM3WVVEVm9iM0J4aFNyMlhGZnhGMHRlSVBORmY3VwphcDV3MGo0WWk4UExWKzRhdXltU3duMjl0cTBZeVc2ckdzSlNMQ0pBbzdubVJ0WE1CRkJiN29CaHgwRFpCeVMvClpqSlVCQi9rd1c5WlNzeWFaclVOenlCb1RYdk9nSDF6TUlVQlBwajhBem9nNWJRcnNROXlmRGFMY0ZybFZldE0KMzYwZVB0U1VueXRzUXVPK29aUTRLUCtVcjFQT2RoZ1UxRzdqT0pGTFVpYmZwNC9aTUJ5Z0ljSzFJRVloWTFFMwo2VXhWL0lUN3BlWXFlU21ia2xzQ0F3RUFBYU5DTUVBd0RnWURWUjBQQVFIL0JBUURBZ0trTUE4R0ExVWRFd0VCCi93UUZNQU1CQWY4d0hRWURWUjBPQkJZRUZOQWZSS1pMYlF3R3VZNEpNNkNONjZ1UHFGeDdNQTBHQ1NxR1NJYjMKRFFFQkN3VUFBNElCQVFDNStFdmRoWTBkMlhyNkRpbmM3ZkVCcmx2Vm5oNjNYT1ZJQUNicldyWER6citDa0JHLwpPTGFxQkdmaDNCbnVxYTMzbmIwelYzWFNqNlNvRkhZVDMvVUViQnpUS3YzQ1c1L3VnNnZPVHpVVXhHYi96UVhyCkFMcU1kUUFWUFNVbmErR2JtT0QvVmVuMDJUbVZKWUZ5UUtrbXdwd3lCTk94MzZtdDBYVWhoTmViNjhWbnc0L3kKMDZJV1hRUm43ckVqRy9oQ0NMbUZIdGp5ZWVQR0JkYjY4Z3hUMmRnandJY2tvZHZSdThLZ24wenFjRzVCenVMNwpkVDFSSEs5enh1cVVxNFpMZWdSZHlBUGRrKzB3eTZ2M2VkTFJlTU5pRFJnemtaTmRacUkxMC95SkxseG9vRkRrCkFFbXl0dXJmaEk0RXlZVU9DYUtqdm5YV1VMekRNRXJTMUY2TgotLS0tLUVORCBDRVJUSUZJQ0FURS0tLS0tCg=="
              }
            ],
            "created_at": "2022-04-22 04:18:48.232 +0000 UTC",
            "enabled_cluster_log_types": [
              "api",
              "audit",
              "authenticator"
            ],
            "encryption_config": [],
            "endpoint": "https://DE8381DA4DCB479894734FD2D27071F7.gr7.us-west-1.eks.amazonaws.com",
            "id": "basic-api-2",
            "identity": [
              {
                "oidc": [
                  {
                    "issuer": "https://oidc.eks.us-west-1.amazonaws.com/id/DE8381DA4DCB479894734FD2D27071F7"
                  }
                ]
              }
            ],
            "kubernetes_network_config": [
              {
                "ip_family": "ipv4",
                "service_ipv4_cidr": "10.100.0.0/16"
              }
            ],
            "name": "basic-api-2",
            "platform_version": "eks.6",
            "role_arn": "arn:aws:iam::503517101544:role/basic-api-2-cluster-20220422041824753700000001",
            "status": "ACTIVE",
            "tags": null,
            "tags_all": {
              "appname": "basic-app",
              "appversion": "1.0.0",
              "deploy": "terraform",
              "env": "develop"
            },
            "timeouts": {
              "create": null,
              "delete": null,
              "update": null
            },
            "version": "1.21",
            "vpc_config": [
              {
                "cluster_security_group_id": "sg-0fa0b2c5f85af48aa",
                "endpoint_private_access": false,
                "endpoint_public_access": true,
                "public_access_cidrs": [
                  "0.0.0.0/0"
                ],
                "security_group_ids": [
                  "sg-035cbc5f60084c422"
                ],
                "subnet_ids": [
                  "subnet-099acaa278a0e813b",
                  "subnet-0b65d5d8ec9de78a8",
                  "subnet-0ee13c92587a63a63"
                ],
                "vpc_id": "vpc-0dbc4c9e7479d7a7d"
              }
            ]
          },
          "sensitive_attributes": [],
          "private": "eyJlMmJmYjczMC1lY2FhLTExZTYtOGY4OC0zNDM2M2JjN2M0YzAiOnsiY3JlYXRlIjoxODAwMDAwMDAwMDAwLCJkZWxldGUiOjkwMDAwMDAwMDAwMCwidXBkYXRlIjozNjAwMDAwMDAwMDAwfX0=",
          "dependencies": [
            "data.aws_availability_zones.available",
            "module.eks.aws_cloudwatch_log_group.this",
            "module.eks.aws_iam_role.this",
            "module.eks.aws_iam_role_policy_attachment.this",
            "module.eks.aws_security_group.cluster",
            "module.eks.aws_security_group.node",
            "module.eks.aws_security_group_rule.cluster",
            "module.eks.aws_security_group_rule.node",
            "module.eks.data.aws_iam_policy_document.assume_role_policy",
            "module.eks.data.aws_partition.current",
            "module.vpc.aws_subnet.private",
            "module.vpc.aws_vpc.this",
            "module.vpc.aws_vpc_ipv4_cidr_block_association.this"
          ],
          "create_before_destroy": true
        }
      ]
    },
    {
      "module": "module.eks",
      "mode": "managed",
      "type": "aws_iam_openid_connect_provider",
      "name": "oidc_provider",
      "provider": "provider[\"registry.terraform.io/hashicorp/aws\"]",
      "instances": [
        {
          "index_key": 0,
          "schema_version": 0,
          "attributes": {
            "arn": "arn:aws:iam::503517101544:oidc-provider/oidc.eks.us-west-1.amazonaws.com/id/DE8381DA4DCB479894734FD2D27071F7",
            "client_id_list": [
              "sts.amazonaws.com"
            ],
            "id": "arn:aws:iam::503517101544:oidc-provider/oidc.eks.us-west-1.amazonaws.com/id/DE8381DA4DCB479894734FD2D27071F7",
            "tags": {
              "Name": "basic-api-2-eks-irsa"
            },
            "tags_all": {
              "Name": "basic-api-2-eks-irsa",
              "appname": "basic-app",
              "appversion": "1.0.0",
              "deploy": "terraform",
              "env": "develop"
            },
            "thumbprint_list": [
              "9e99a48a9960b14926bb7f3b02e22da2b0ab7280"
            ],
            "url": "oidc.eks.us-west-1.amazonaws.com/id/DE8381DA4DCB479894734FD2D27071F7"
          },
          "sensitive_attributes": [],
          "private": "bnVsbA==",
          "dependencies": [
            "data.aws_availability_zones.available",
            "module.eks.aws_cloudwatch_log_group.this",
            "module.eks.aws_eks_cluster.this",
            "module.eks.aws_iam_role.this",
            "module.eks.aws_iam_role_policy_attachment.this",
            "module.eks.aws_security_group.cluster",
            "module.eks.aws_security_group.node",
            "module.eks.aws_security_group_rule.cluster",
            "module.eks.aws_security_group_rule.node",
            "module.eks.data.aws_iam_policy_document.assume_role_policy",
            "module.eks.data.aws_partition.current",
            "module.eks.data.tls_certificate.this",
            "module.vpc.aws_subnet.private",
            "module.vpc.aws_vpc.this",
            "module.vpc.aws_vpc_ipv4_cidr_block_association.this"
          ]
        }
      ]
    },
    {
      "module": "module.eks",
      "mode": "managed",
      "type": "aws_iam_role",
      "name": "this",
      "provider": "provider[\"registry.terraform.io/hashicorp/aws\"]",
      "instances": [
        {
          "index_key": 0,
          "schema_version": 0,
          "attributes": {
            "arn": "arn:aws:iam::503517101544:role/basic-api-2-cluster-20220422041824753700000001",
            "assume_role_policy": "{\"Version\":\"2012-10-17\",\"Statement\":[{\"Sid\":\"EKSClusterAssumeRole\",\"Effect\":\"Allow\",\"Principal\":{\"Service\":\"eks.amazonaws.com\"},\"Action\":\"sts:AssumeRole\"}]}",
            "create_date": "2022-04-22T04:18:24Z",
            "description": "",
            "force_detach_policies": true,
            "id": "basic-api-2-cluster-20220422041824753700000001",
            "inline_policy": [
              {
                "name": "basic-api-2-cluster",
                "policy": "{\"Statement\":[{\"Action\":[\"logs:CreateLogGroup\"],\"Effect\":\"Deny\",\"Resource\":\"arn:aws:logs:us-west-1:503517101544:log-group:/aws/eks/basic-api-2/cluster\"}],\"Version\":\"2012-10-17\"}"
              }
            ],
            "managed_policy_arns": [],
            "max_session_duration": 3600,
            "name": "basic-api-2-cluster-20220422041824753700000001",
            "name_prefix": "basic-api-2-cluster-",
            "path": "/",
            "permissions_boundary": null,
            "tags": null,
            "tags_all": {
              "appname": "basic-app",
              "appversion": "1.0.0",
              "deploy": "terraform",
              "env": "develop"
            },
            "unique_id": "AROAXKO7VHXUDZ55OOGIJ"
          },
          "sensitive_attributes": [],
          "private": "bnVsbA==",
          "dependencies": [
            "module.eks.aws_cloudwatch_log_group.this",
            "module.eks.data.aws_iam_policy_document.assume_role_policy"
          ],
          "create_before_destroy": true
        }
      ]
    },
    {
      "module": "module.eks",
      "mode": "managed",
      "type": "aws_iam_role_policy_attachment",
      "name": "this",
      "provider": "provider[\"registry.terraform.io/hashicorp/aws\"]",
      "instances": [
        {
          "index_key": "arn:aws:iam::aws:policy/AmazonEKSClusterPolicy",
          "schema_version": 0,
          "attributes": {
            "id": "basic-api-2-cluster-20220422041824753700000001-20220422041825958500000002",
            "policy_arn": "arn:aws:iam::aws:policy/AmazonEKSClusterPolicy",
            "role": "basic-api-2-cluster-20220422041824753700000001"
          },
          "sensitive_attributes": [],
          "private": "bnVsbA==",
          "dependencies": [
            "module.eks.aws_cloudwatch_log_group.this",
            "module.eks.aws_iam_role.this",
            "module.eks.data.aws_iam_policy_document.assume_role_policy",
            "module.eks.data.aws_partition.current"
          ],
          "create_before_destroy": true
        },
        {
          "index_key": "arn:aws:iam::aws:policy/AmazonEKSVPCResourceController",
          "schema_version": 0,
          "attributes": {
            "id": "basic-api-2-cluster-20220422041824753700000001-20220422041825974600000003",
            "policy_arn": "arn:aws:iam::aws:policy/AmazonEKSVPCResourceController",
            "role": "basic-api-2-cluster-20220422041824753700000001"
          },
          "sensitive_attributes": [],
          "private": "bnVsbA==",
          "dependencies": [
            "module.eks.aws_cloudwatch_log_group.this",
            "module.eks.aws_iam_role.this",
            "module.eks.data.aws_iam_policy_document.assume_role_policy",
            "module.eks.data.aws_partition.current"
          ],
          "create_before_destroy": true
        }
      ]
    },
    {
      "module": "module.eks",
      "mode": "managed",
      "type": "aws_security_group",
      "name": "cluster",
      "provider": "provider[\"registry.terraform.io/hashicorp/aws\"]",
      "instances": [
        {
          "index_key": 0,
          "schema_version": 1,
          "attributes": {
            "arn": "arn:aws:ec2:us-west-1:503517101544:security-group/sg-035cbc5f60084c422",
            "description": "EKS cluster security group",
            "egress": [],
            "id": "sg-035cbc5f60084c422",
            "ingress": [],
            "name": "basic-api-2-cluster-20220422041836827800000004",
            "name_prefix": "basic-api-2-cluster-",
            "owner_id": "503517101544",
            "revoke_rules_on_delete": false,
            "tags": {
              "Name": "basic-api-2-cluster"
            },
            "tags_all": {
              "Name": "basic-api-2-cluster",
              "appname": "basic-app",
              "appversion": "1.0.0",
              "deploy": "terraform",
              "env": "develop"
            },
            "timeouts": null,
            "vpc_id": "vpc-0dbc4c9e7479d7a7d"
          },
          "sensitive_attributes": [],
          "private": "eyJlMmJmYjczMC1lY2FhLTExZTYtOGY4OC0zNDM2M2JjN2M0YzAiOnsiY3JlYXRlIjo2MDAwMDAwMDAwMDAsImRlbGV0ZSI6OTAwMDAwMDAwMDAwfSwic2NoZW1hX3ZlcnNpb24iOiIxIn0=",
          "dependencies": [
            "module.vpc.aws_vpc.this"
          ],
          "create_before_destroy": true
        }
      ]
    },
    {
      "module": "module.eks",
      "mode": "managed",
      "type": "aws_security_group",
      "name": "node",
      "provider": "provider[\"registry.terraform.io/hashicorp/aws\"]",
      "instances": [
        {
          "index_key": 0,
          "schema_version": 1,
          "attributes": {
            "arn": "arn:aws:ec2:us-west-1:503517101544:security-group/sg-0ee4c9b9f14140e0a",
            "description": "EKS node shared security group",
            "egress": [],
            "id": "sg-0ee4c9b9f14140e0a",
            "ingress": [],
            "name": "basic-api-2-node-20220422041837134000000005",
            "name_prefix": "basic-api-2-node-",
            "owner_id": "503517101544",
            "revoke_rules_on_delete": false,
            "tags": {
              "Name": "basic-api-2-node",
              "kubernetes.io/cluster/basic-api-2": "owned"
            },
            "tags_all": {
              "Name": "basic-api-2-node",
              "appname": "basic-app",
              "appversion": "1.0.0",
              "deploy": "terraform",
              "env": "develop",
              "kubernetes.io/cluster/basic-api-2": "owned"
            },
            "timeouts": null,
            "vpc_id": "vpc-0dbc4c9e7479d7a7d"
          },
          "sensitive_attributes": [],
          "private": "eyJlMmJmYjczMC1lY2FhLTExZTYtOGY4OC0zNDM2M2JjN2M0YzAiOnsiY3JlYXRlIjo2MDAwMDAwMDAwMDAsImRlbGV0ZSI6OTAwMDAwMDAwMDAwfSwic2NoZW1hX3ZlcnNpb24iOiIxIn0=",
          "dependencies": [
            "module.vpc.aws_vpc.this"
          ],
          "create_before_destroy": true
        }
      ]
    },
    {
      "module": "module.eks",
      "mode": "managed",
      "type": "aws_security_group_rule",
      "name": "cluster",
      "provider": "provider[\"registry.terraform.io/hashicorp/aws\"]",
      "instances": [
        {
          "index_key": "egress_nodes_443",
          "schema_version": 2,
          "attributes": {
            "cidr_blocks": null,
            "description": "Cluster API to node groups",
            "from_port": 443,
            "id": "sgrule-3765777165",
            "ipv6_cidr_blocks": null,
            "prefix_list_ids": [],
            "protocol": "tcp",
            "security_group_id": "sg-035cbc5f60084c422",
            "self": false,
            "source_security_group_id": "sg-0ee4c9b9f14140e0a",
            "to_port": 443,
            "type": "egress"
          },
          "sensitive_attributes": [],
          "private": "eyJzY2hlbWFfdmVyc2lvbiI6IjIifQ==",
          "dependencies": [
            "module.eks.aws_security_group.cluster",
            "module.eks.aws_security_group.node",
            "module.vpc.aws_vpc.this"
          ],
          "create_before_destroy": true
        },
        {
          "index_key": "egress_nodes_ephemeral_ports_tcp",
          "schema_version": 2,
          "attributes": {
            "cidr_blocks": null,
            "description": "To node 1025-65535",
            "from_port": 1025,
            "id": "sgrule-1464156274",
            "ipv6_cidr_blocks": null,
            "prefix_list_ids": [],
            "protocol": "tcp",
            "security_group_id": "sg-035cbc5f60084c422",
            "self": false,
            "source_security_group_id": "sg-0ee4c9b9f14140e0a",
            "to_port": 65535,
            "type": "egress"
          },
          "sensitive_attributes": [],
          "private": "eyJzY2hlbWFfdmVyc2lvbiI6IjIifQ==",
          "dependencies": [
            "module.eks.aws_security_group.cluster",
            "module.eks.aws_security_group.node",
            "module.vpc.aws_vpc.this"
          ],
          "create_before_destroy": true
        },
        {
          "index_key": "egress_nodes_kubelet",
          "schema_version": 2,
          "attributes": {
            "cidr_blocks": null,
            "description": "Cluster API to node kubelets",
            "from_port": 10250,
            "id": "sgrule-3463246806",
            "ipv6_cidr_blocks": null,
            "prefix_list_ids": [],
            "protocol": "tcp",
            "security_group_id": "sg-035cbc5f60084c422",
            "self": false,
            "source_security_group_id": "sg-0ee4c9b9f14140e0a",
            "to_port": 10250,
            "type": "egress"
          },
          "sensitive_attributes": [],
          "private": "eyJzY2hlbWFfdmVyc2lvbiI6IjIifQ==",
          "dependencies": [
            "module.eks.aws_security_group.cluster",
            "module.eks.aws_security_group.node",
            "module.vpc.aws_vpc.this"
          ],
          "create_before_destroy": true
        },
        {
          "index_key": "ingress_nodes_443",
          "schema_version": 2,
          "attributes": {
            "cidr_blocks": null,
            "description": "Node groups to cluster API",
            "from_port": 443,
            "id": "sgrule-4062520312",
            "ipv6_cidr_blocks": null,
            "prefix_list_ids": [],
            "protocol": "tcp",
            "security_group_id": "sg-035cbc5f60084c422",
            "self": false,
            "source_security_group_id": "sg-0ee4c9b9f14140e0a",
            "to_port": 443,
            "type": "ingress"
          },
          "sensitive_attributes": [],
          "private": "eyJzY2hlbWFfdmVyc2lvbiI6IjIifQ==",
          "dependencies": [
            "module.eks.aws_security_group.cluster",
            "module.eks.aws_security_group.node",
            "module.vpc.aws_vpc.this"
          ],
          "create_before_destroy": true
        }
      ]
    },
    {
      "module": "module.eks",
      "mode": "managed",
      "type": "aws_security_group_rule",
      "name": "node",
      "provider": "provider[\"registry.terraform.io/hashicorp/aws\"]",
      "instances": [
        {
          "index_key": "egress_all",
          "schema_version": 2,
          "attributes": {
            "cidr_blocks": [
              "0.0.0.0/0"
            ],
            "description": "Node all egress",
            "from_port": 0,
            "id": "sgrule-1649121953",
            "ipv6_cidr_blocks": [
              "::/0"
            ],
            "prefix_list_ids": [],
            "protocol": "-1",
            "security_group_id": "sg-0ee4c9b9f14140e0a",
            "self": false,
            "source_security_group_id": null,
            "to_port": 0,
            "type": "egress"
          },
          "sensitive_attributes": [],
          "private": "eyJzY2hlbWFfdmVyc2lvbiI6IjIifQ==",
          "dependencies": [
            "module.eks.aws_security_group.cluster",
            "module.eks.aws_security_group.node",
            "module.vpc.aws_vpc.this"
          ],
          "create_before_destroy": true
        },
        {
          "index_key": "egress_cluster_443",
          "schema_version": 2,
          "attributes": {
            "cidr_blocks": null,
            "description": "Node groups to cluster API",
            "from_port": 443,
            "id": "sgrule-3899251203",
            "ipv6_cidr_blocks": null,
            "prefix_list_ids": [],
            "protocol": "tcp",
            "security_group_id": "sg-0ee4c9b9f14140e0a",
            "self": false,
            "source_security_group_id": "sg-035cbc5f60084c422",
            "to_port": 443,
            "type": "egress"
          },
          "sensitive_attributes": [],
          "private": "eyJzY2hlbWFfdmVyc2lvbiI6IjIifQ==",
          "dependencies": [
            "module.eks.aws_security_group.cluster",
            "module.eks.aws_security_group.node",
            "module.vpc.aws_vpc.this"
          ],
          "create_before_destroy": true
        },
        {
          "index_key": "egress_https",
          "schema_version": 2,
          "attributes": {
            "cidr_blocks": [
              "0.0.0.0/0"
            ],
            "description": "Egress all HTTPS to internet",
            "from_port": 443,
            "id": "sgrule-4260467785",
            "ipv6_cidr_blocks": null,
            "prefix_list_ids": [],
            "protocol": "tcp",
            "security_group_id": "sg-0ee4c9b9f14140e0a",
            "self": false,
            "source_security_group_id": null,
            "to_port": 443,
            "type": "egress"
          },
          "sensitive_attributes": [],
          "private": "eyJzY2hlbWFfdmVyc2lvbiI6IjIifQ==",
          "dependencies": [
            "module.eks.aws_security_group.cluster",
            "module.eks.aws_security_group.node",
            "module.vpc.aws_vpc.this"
          ],
          "create_before_destroy": true
        },
        {
          "index_key": "egress_ntp_tcp",
          "schema_version": 2,
          "attributes": {
            "cidr_blocks": [
              "0.0.0.0/0"
            ],
            "description": "Egress NTP/TCP to internet",
            "from_port": 123,
            "id": "sgrule-573548887",
            "ipv6_cidr_blocks": null,
            "prefix_list_ids": [],
            "protocol": "tcp",
            "security_group_id": "sg-0ee4c9b9f14140e0a",
            "self": false,
            "source_security_group_id": null,
            "to_port": 123,
            "type": "egress"
          },
          "sensitive_attributes": [],
          "private": "eyJzY2hlbWFfdmVyc2lvbiI6IjIifQ==",
          "dependencies": [
            "module.eks.aws_security_group.cluster",
            "module.eks.aws_security_group.node",
            "module.vpc.aws_vpc.this"
          ],
          "create_before_destroy": true
        },
        {
          "index_key": "egress_ntp_udp",
          "schema_version": 2,
          "attributes": {
            "cidr_blocks": [
              "0.0.0.0/0"
            ],
            "description": "Egress NTP/UDP to internet",
            "from_port": 123,
            "id": "sgrule-1555139674",
            "ipv6_cidr_blocks": null,
            "prefix_list_ids": [],
            "protocol": "udp",
            "security_group_id": "sg-0ee4c9b9f14140e0a",
            "self": false,
            "source_security_group_id": null,
            "to_port": 123,
            "type": "egress"
          },
          "sensitive_attributes": [],
          "private": "eyJzY2hlbWFfdmVyc2lvbiI6IjIifQ==",
          "dependencies": [
            "module.eks.aws_security_group.cluster",
            "module.eks.aws_security_group.node",
            "module.vpc.aws_vpc.this"
          ],
          "create_before_destroy": true
        },
        {
          "index_key": "egress_self_coredns_tcp",
          "schema_version": 2,
          "attributes": {
            "cidr_blocks": null,
            "description": "Node to node CoreDNS",
            "from_port": 53,
            "id": "sgrule-62044981",
            "ipv6_cidr_blocks": null,
            "prefix_list_ids": [],
            "protocol": "tcp",
            "security_group_id": "sg-0ee4c9b9f14140e0a",
            "self": true,
            "source_security_group_id": null,
            "to_port": 53,
            "type": "egress"
          },
          "sensitive_attributes": [],
          "private": "eyJzY2hlbWFfdmVyc2lvbiI6IjIifQ==",
          "dependencies": [
            "module.eks.aws_security_group.cluster",
            "module.eks.aws_security_group.node",
            "module.vpc.aws_vpc.this"
          ],
          "create_before_destroy": true
        },
        {
          "index_key": "egress_self_coredns_udp",
          "schema_version": 2,
          "attributes": {
            "cidr_blocks": null,
            "description": "Node to node CoreDNS",
            "from_port": 53,
            "id": "sgrule-2379561299",
            "ipv6_cidr_blocks": null,
            "prefix_list_ids": [],
            "protocol": "udp",
            "security_group_id": "sg-0ee4c9b9f14140e0a",
            "self": true,
            "source_security_group_id": null,
            "to_port": 53,
            "type": "egress"
          },
          "sensitive_attributes": [],
          "private": "eyJzY2hlbWFfdmVyc2lvbiI6IjIifQ==",
          "dependencies": [
            "module.eks.aws_security_group.cluster",
            "module.eks.aws_security_group.node",
            "module.vpc.aws_vpc.this"
          ],
          "create_before_destroy": true
        },
        {
          "index_key": "ingress_cluster_443",
          "schema_version": 2,
          "attributes": {
            "cidr_blocks": null,
            "description": "Cluster API to node groups",
            "from_port": 443,
            "id": "sgrule-540146474",
            "ipv6_cidr_blocks": null,
            "prefix_list_ids": [],
            "protocol": "tcp",
            "security_group_id": "sg-0ee4c9b9f14140e0a",
            "self": false,
            "source_security_group_id": "sg-035cbc5f60084c422",
            "to_port": 443,
            "type": "ingress"
          },
          "sensitive_attributes": [],
          "private": "eyJzY2hlbWFfdmVyc2lvbiI6IjIifQ==",
          "dependencies": [
            "module.eks.aws_security_group.cluster",
            "module.eks.aws_security_group.node",
            "module.vpc.aws_vpc.this"
          ],
          "create_before_destroy": true
        },
        {
          "index_key": "ingress_cluster_kubelet",
          "schema_version": 2,
          "attributes": {
            "cidr_blocks": null,
            "description": "Cluster API to node kubelets",
            "from_port": 10250,
            "id": "sgrule-1762874387",
            "ipv6_cidr_blocks": null,
            "prefix_list_ids": [],
            "protocol": "tcp",
            "security_group_id": "sg-0ee4c9b9f14140e0a",
            "self": false,
            "source_security_group_id": "sg-035cbc5f60084c422",
            "to_port": 10250,
            "type": "ingress"
          },
          "sensitive_attributes": [],
          "private": "eyJzY2hlbWFfdmVyc2lvbiI6IjIifQ==",
          "dependencies": [
            "module.eks.aws_security_group.cluster",
            "module.eks.aws_security_group.node",
            "module.vpc.aws_vpc.this"
          ],
          "create_before_destroy": true
        },
        {
          "index_key": "ingress_self_all",
          "schema_version": 2,
          "attributes": {
            "cidr_blocks": null,
            "description": "Node to node all ports/protocols",
            "from_port": 0,
            "id": "sgrule-3641408661",
            "ipv6_cidr_blocks": null,
            "prefix_list_ids": [],
            "protocol": "-1",
            "security_group_id": "sg-0ee4c9b9f14140e0a",
            "self": true,
            "source_security_group_id": null,
            "to_port": 0,
            "type": "ingress"
          },
          "sensitive_attributes": [],
          "private": "eyJzY2hlbWFfdmVyc2lvbiI6IjIifQ==",
          "dependencies": [
            "module.eks.aws_security_group.cluster",
            "module.eks.aws_security_group.node",
            "module.vpc.aws_vpc.this"
          ],
          "create_before_destroy": true
        },
        {
          "index_key": "ingress_self_coredns_tcp",
          "schema_version": 2,
          "attributes": {
            "cidr_blocks": null,
            "description": "Node to node CoreDNS",
            "from_port": 53,
            "id": "sgrule-3670301934",
            "ipv6_cidr_blocks": null,
            "prefix_list_ids": [],
            "protocol": "tcp",
            "security_group_id": "sg-0ee4c9b9f14140e0a",
            "self": true,
            "source_security_group_id": null,
            "to_port": 53,
            "type": "ingress"
          },
          "sensitive_attributes": [],
          "private": "eyJzY2hlbWFfdmVyc2lvbiI6IjIifQ==",
          "dependencies": [
            "module.eks.aws_security_group.cluster",
            "module.eks.aws_security_group.node",
            "module.vpc.aws_vpc.this"
          ],
          "create_before_destroy": true
        },
        {
          "index_key": "ingress_self_coredns_udp",
          "schema_version": 2,
          "attributes": {
            "cidr_blocks": null,
            "description": "Node to node CoreDNS",
            "from_port": 53,
            "id": "sgrule-2124152577",
            "ipv6_cidr_blocks": null,
            "prefix_list_ids": [],
            "protocol": "udp",
            "security_group_id": "sg-0ee4c9b9f14140e0a",
            "self": true,
            "source_security_group_id": null,
            "to_port": 53,
            "type": "ingress"
          },
          "sensitive_attributes": [],
          "private": "eyJzY2hlbWFfdmVyc2lvbiI6IjIifQ==",
          "dependencies": [
            "module.eks.aws_security_group.cluster",
            "module.eks.aws_security_group.node",
            "module.vpc.aws_vpc.this"
          ],
          "create_before_destroy": true
        }
      ]
    },
    {
      "module": "module.eks.module.eks_managed_node_group[\"data\"]",
      "mode": "data",
      "type": "aws_caller_identity",
      "name": "current",
      "provider": "provider[\"registry.terraform.io/hashicorp/aws\"]",
      "instances": [
        {
          "schema_version": 0,
          "attributes": {
            "account_id": "503517101544",
            "arn": "arn:aws:iam::503517101544:user/terraform-user",
            "id": "503517101544",
            "user_id": "AIDAXKO7VHXUG6QC3XDCI"
          },
          "sensitive_attributes": []
        }
      ]
    },
    {
      "module": "module.eks.module.eks_managed_node_group[\"data\"]",
      "mode": "data",
      "type": "aws_iam_policy_document",
      "name": "assume_role_policy",
      "provider": "provider[\"registry.terraform.io/hashicorp/aws\"]",
      "instances": [
        {
          "index_key": 0,
          "schema_version": 0,
          "attributes": {
            "id": "2560088296",
            "json": "{\n  \"Version\": \"2012-10-17\",\n  \"Statement\": [\n    {\n      \"Sid\": \"EKSNodeAssumeRole\",\n      \"Effect\": \"Allow\",\n      \"Action\": \"sts:AssumeRole\",\n      \"Principal\": {\n        \"Service\": \"ec2.amazonaws.com\"\n      }\n    }\n  ]\n}",
            "override_json": null,
            "override_policy_documents": null,
            "policy_id": null,
            "source_json": null,
            "source_policy_documents": null,
            "statement": [
              {
                "actions": [
                  "sts:AssumeRole"
                ],
                "condition": [],
                "effect": "Allow",
                "not_actions": [],
                "not_principals": [],
                "not_resources": [],
                "principals": [
                  {
                    "identifiers": [
                      "ec2.amazonaws.com"
                    ],
                    "type": "Service"
                  }
                ],
                "resources": [],
                "sid": "EKSNodeAssumeRole"
              }
            ],
            "version": "2012-10-17"
          },
          "sensitive_attributes": []
        }
      ]
    },
    {
      "module": "module.eks.module.eks_managed_node_group[\"data\"]",
      "mode": "data",
      "type": "aws_partition",
      "name": "current",
      "provider": "provider[\"registry.terraform.io/hashicorp/aws\"]",
      "instances": [
        {
          "schema_version": 0,
          "attributes": {
            "dns_suffix": "amazonaws.com",
            "id": "aws",
            "partition": "aws",
            "reverse_dns_prefix": "com.amazonaws"
          },
          "sensitive_attributes": []
        }
      ]
    },
    {
      "module": "module.eks.module.eks_managed_node_group[\"data\"]",
      "mode": "managed",
      "type": "aws_eks_node_group",
      "name": "this",
      "provider": "provider[\"registry.terraform.io/hashicorp/aws\"]",
      "instances": [
        {
          "index_key": 0,
          "schema_version": 0,
          "attributes": {
            "ami_type": "AL2_x86_64",
            "arn": "arn:aws:eks:us-west-1:503517101544:nodegroup/basic-api-2/data-20220422042710346900000016/b8c027c3-0d63-723b-5a53-24bcb4802669",
            "capacity_type": "SPOT",
            "cluster_name": "basic-api-2",
            "disk_size": 0,
            "force_update_version": null,
            "id": "basic-api-2:data-20220422042710346900000016",
            "instance_types": [
              "t2.micro"
            ],
            "labels": null,
            "launch_template": [
              {
                "id": "lt-0e5526621916336b7",
                "name": "data-20220422042709919200000010",
                "version": "1"
              }
            ],
            "node_group_name": "data-20220422042710346900000016",
            "node_group_name_prefix": "data-",
            "node_role_arn": "arn:aws:iam::503517101544:role/data-eks-node-group-20220422041838763600000007",
            "release_version": "1.21.5-20220406",
            "remote_access": [],
            "resources": [
              {
                "autoscaling_groups": [
                  {
                    "name": "eks-data-20220422042710346900000016-b8c027c3-0d63-723b-5a53-24bcb4802669"
                  }
                ],
                "remote_access_security_group_id": ""
              }
            ],
            "scaling_config": [
              {
                "desired_size": 1,
                "max_size": 2,
                "min_size": 1
              }
            ],
            "status": "ACTIVE",
            "subnet_ids": [
              "subnet-099acaa278a0e813b",
              "subnet-0b65d5d8ec9de78a8",
              "subnet-0ee13c92587a63a63"
            ],
            "tags": {
              "Name": "data"
            },
            "tags_all": {
              "Name": "data",
              "appname": "basic-app",
              "appversion": "1.0.0",
              "deploy": "terraform",
              "env": "develop"
            },
            "taint": [],
            "timeouts": {
              "create": null,
              "delete": null,
              "update": null
            },
            "update_config": [
              {
                "max_unavailable": 1,
                "max_unavailable_percentage": 0
              }
            ],
            "version": "1.21"
          },
          "sensitive_attributes": [],
          "private": "eyJlMmJmYjczMC1lY2FhLTExZTYtOGY4OC0zNDM2M2JjN2M0YzAiOnsiY3JlYXRlIjozNjAwMDAwMDAwMDAwLCJkZWxldGUiOjM2MDAwMDAwMDAwMDAsInVwZGF0ZSI6MzYwMDAwMDAwMDAwMH19",
          "dependencies": [
            "aws_security_group.additional",
            "data.aws_availability_zones.available",
            "module.eks.aws_cloudwatch_log_group.this",
            "module.eks.aws_eks_cluster.this",
            "module.eks.aws_iam_role.this",
            "module.eks.aws_iam_role_policy_attachment.this",
            "module.eks.aws_security_group.cluster",
            "module.eks.aws_security_group.node",
            "module.eks.aws_security_group_rule.cluster",
            "module.eks.aws_security_group_rule.node",
            "module.eks.data.aws_iam_policy_document.assume_role_policy",
            "module.eks.data.aws_partition.current",
            "module.eks.module.eks_managed_node_group.aws_iam_role.this",
            "module.eks.module.eks_managed_node_group.aws_iam_role_policy_attachment.this",
            "module.eks.module.eks_managed_node_group.aws_launch_template.this",
            "module.eks.module.eks_managed_node_group.aws_security_group.this",
            "module.eks.module.eks_managed_node_group.aws_security_group_rule.this",
            "module.eks.module.eks_managed_node_group.data.aws_caller_identity.current",
            "module.eks.module.eks_managed_node_group.data.aws_iam_policy_document.assume_role_policy",
            "module.eks.module.eks_managed_node_group.data.aws_partition.current",
            "module.eks.module.eks_managed_node_group.module.user_data.data.cloudinit_config.linux_eks_managed_node_group",
            "module.vpc.aws_subnet.private",
            "module.vpc.aws_vpc.this",
            "module.vpc.aws_vpc_ipv4_cidr_block_association.this"
          ],
          "create_before_destroy": true
        }
      ]
    },
    {
      "module": "module.eks.module.eks_managed_node_group[\"data\"]",
      "mode": "managed",
      "type": "aws_iam_role",
      "name": "this",
      "provider": "provider[\"registry.terraform.io/hashicorp/aws\"]",
      "instances": [
        {
          "index_key": 0,
          "schema_version": 0,
          "attributes": {
            "arn": "arn:aws:iam::503517101544:role/data-eks-node-group-20220422041838763600000007",
            "assume_role_policy": "{\"Version\":\"2012-10-17\",\"Statement\":[{\"Sid\":\"EKSNodeAssumeRole\",\"Effect\":\"Allow\",\"Principal\":{\"Service\":\"ec2.amazonaws.com\"},\"Action\":\"sts:AssumeRole\"}]}",
            "create_date": "2022-04-22T04:18:38Z",
            "description": "EKS managed node group IAM role",
            "force_detach_policies": true,
            "id": "data-eks-node-group-20220422041838763600000007",
            "inline_policy": [
              {
                "name": "",
                "policy": ""
              }
            ],
            "managed_policy_arns": [],
            "max_session_duration": 3600,
            "name": "data-eks-node-group-20220422041838763600000007",
            "name_prefix": "data-eks-node-group-",
            "path": "/",
            "permissions_boundary": null,
            "tags": null,
            "tags_all": {
              "appname": "basic-app",
              "appversion": "1.0.0",
              "deploy": "terraform",
              "env": "develop"
            },
            "unique_id": "AROAXKO7VHXULVXFPGRGC"
          },
          "sensitive_attributes": [],
          "private": "bnVsbA==",
          "dependencies": [
            "aws_security_group.additional",
            "module.eks.module.eks_managed_node_group.data.aws_iam_policy_document.assume_role_policy",
            "module.vpc.aws_vpc.this"
          ],
          "create_before_destroy": true
        }
      ]
    },
    {
      "module": "module.eks.module.eks_managed_node_group[\"data\"]",
      "mode": "managed",
      "type": "aws_iam_role_policy_attachment",
      "name": "this",
      "provider": "provider[\"registry.terraform.io/hashicorp/aws\"]",
      "instances": [
        {
          "index_key": "arn:aws:iam::aws:policy/AmazonEC2ContainerRegistryReadOnly",
          "schema_version": 0,
          "attributes": {
            "id": "data-eks-node-group-20220422041838763600000007-2022042204184351780000000c",
            "policy_arn": "arn:aws:iam::aws:policy/AmazonEC2ContainerRegistryReadOnly",
            "role": "data-eks-node-group-20220422041838763600000007"
          },
          "sensitive_attributes": [],
          "private": "bnVsbA==",
          "dependencies": [
            "aws_security_group.additional",
            "module.eks.module.eks_managed_node_group.aws_iam_role.this",
            "module.eks.module.eks_managed_node_group.data.aws_caller_identity.current",
            "module.eks.module.eks_managed_node_group.data.aws_iam_policy_document.assume_role_policy",
            "module.eks.module.eks_managed_node_group.data.aws_partition.current",
            "module.vpc.aws_vpc.this"
          ],
          "create_before_destroy": true
        },
        {
          "index_key": "arn:aws:iam::aws:policy/AmazonEKSWorkerNodePolicy",
          "schema_version": 0,
          "attributes": {
            "id": "data-eks-node-group-20220422041838763600000007-2022042204184373580000000e",
            "policy_arn": "arn:aws:iam::aws:policy/AmazonEKSWorkerNodePolicy",
            "role": "data-eks-node-group-20220422041838763600000007"
          },
          "sensitive_attributes": [],
          "private": "bnVsbA==",
          "dependencies": [
            "aws_security_group.additional",
            "module.eks.module.eks_managed_node_group.aws_iam_role.this",
            "module.eks.module.eks_managed_node_group.data.aws_caller_identity.current",
            "module.eks.module.eks_managed_node_group.data.aws_iam_policy_document.assume_role_policy",
            "module.eks.module.eks_managed_node_group.data.aws_partition.current",
            "module.vpc.aws_vpc.this"
          ],
          "create_before_destroy": true
        },
        {
          "index_key": "arn:aws:iam::aws:policy/AmazonEKS_CNI_Policy",
          "schema_version": 0,
          "attributes": {
            "id": "data-eks-node-group-20220422041838763600000007-2022042204184375810000000f",
            "policy_arn": "arn:aws:iam::aws:policy/AmazonEKS_CNI_Policy",
            "role": "data-eks-node-group-20220422041838763600000007"
          },
          "sensitive_attributes": [],
          "private": "bnVsbA==",
          "dependencies": [
            "aws_security_group.additional",
            "module.eks.module.eks_managed_node_group.aws_iam_role.this",
            "module.eks.module.eks_managed_node_group.data.aws_caller_identity.current",
            "module.eks.module.eks_managed_node_group.data.aws_iam_policy_document.assume_role_policy",
            "module.eks.module.eks_managed_node_group.data.aws_partition.current",
            "module.vpc.aws_vpc.this"
          ],
          "create_before_destroy": true
        }
      ]
    },
    {
      "module": "module.eks.module.eks_managed_node_group[\"data\"]",
      "mode": "managed",
      "type": "aws_launch_template",
      "name": "this",
      "provider": "provider[\"registry.terraform.io/hashicorp/aws\"]",
      "instances": [
        {
          "index_key": 0,
          "schema_version": 0,
          "attributes": {
            "arn": "arn:aws:ec2:us-west-1:503517101544:launch-template/lt-0e5526621916336b7",
            "block_device_mappings": [],
            "capacity_reservation_specification": [],
            "cpu_options": [],
            "credit_specification": [],
            "default_version": 1,
            "description": "Custom launch template for data EKS managed node group",
            "disable_api_termination": false,
            "ebs_optimized": "",
            "elastic_gpu_specifications": [],
            "elastic_inference_accelerator": [],
            "enclave_options": [],
            "hibernation_options": [],
            "iam_instance_profile": [],
            "id": "lt-0e5526621916336b7",
            "image_id": "",
            "instance_initiated_shutdown_behavior": "",
            "instance_market_options": [],
            "instance_type": "",
            "kernel_id": "",
            "key_name": "",
            "latest_version": 1,
            "license_specification": [],
            "metadata_options": [
              {
                "http_endpoint": "enabled",
                "http_protocol_ipv6": "disabled",
                "http_put_response_hop_limit": 2,
                "http_tokens": "required",
                "instance_metadata_tags": "disabled"
              }
            ],
            "monitoring": [
              {
                "enabled": true
              }
            ],
            "name": "data-20220422042709919200000010",
            "name_prefix": "data-",
            "network_interfaces": [],
            "placement": [],
            "private_dns_name_options": [],
            "ram_disk_id": "",
            "security_group_names": null,
            "tag_specifications": [
              {
                "resource_type": "instance",
                "tags": {
                  "Name": "data"
                }
              },
              {
                "resource_type": "network-interface",
                "tags": {
                  "Name": "data"
                }
              },
              {
                "resource_type": "volume",
                "tags": {
                  "Name": "data"
                }
              }
            ],
            "tags": null,
            "tags_all": {
              "appname": "basic-app",
              "appversion": "1.0.0",
              "deploy": "terraform",
              "env": "develop"
            },
            "update_default_version": true,
            "user_data": "",
            "vpc_security_group_ids": [
              "sg-02f805cac0f9efefa",
              "sg-082d73104fc4a6acb",
              "sg-0ee4c9b9f14140e0a",
              "sg-0fa0b2c5f85af48aa"
            ]
          },
          "sensitive_attributes": [],
          "private": "bnVsbA==",
          "dependencies": [
            "aws_security_group.additional",
            "data.aws_availability_zones.available",
            "module.eks.aws_cloudwatch_log_group.this",
            "module.eks.aws_eks_cluster.this",
            "module.eks.aws_iam_role.this",
            "module.eks.aws_iam_role_policy_attachment.this",
            "module.eks.aws_security_group.cluster",
            "module.eks.aws_security_group.node",
            "module.eks.aws_security_group_rule.cluster",
            "module.eks.aws_security_group_rule.node",
            "module.eks.data.aws_iam_policy_document.assume_role_policy",
            "module.eks.data.aws_partition.current",
            "module.eks.module.eks_managed_node_group.aws_iam_role.this",
            "module.eks.module.eks_managed_node_group.aws_iam_role_policy_attachment.this",
            "module.eks.module.eks_managed_node_group.aws_security_group.this",
            "module.eks.module.eks_managed_node_group.aws_security_group_rule.this",
            "module.eks.module.eks_managed_node_group.data.aws_caller_identity.current",
            "module.eks.module.eks_managed_node_group.data.aws_iam_policy_document.assume_role_policy",
            "module.eks.module.eks_managed_node_group.data.aws_partition.current",
            "module.eks.module.eks_managed_node_group.module.user_data.data.cloudinit_config.linux_eks_managed_node_group",
            "module.vpc.aws_subnet.private",
            "module.vpc.aws_vpc.this",
            "module.vpc.aws_vpc_ipv4_cidr_block_association.this"
          ],
          "create_before_destroy": true
        }
      ]
    },
    {
      "module": "module.eks.module.eks_managed_node_group[\"data\"]",
      "mode": "managed",
      "type": "aws_security_group",
      "name": "this",
      "provider": "provider[\"registry.terraform.io/hashicorp/aws\"]",
      "instances": [
        {
          "index_key": 0,
          "schema_version": 1,
          "attributes": {
            "arn": "arn:aws:ec2:us-west-1:503517101544:security-group/sg-02f805cac0f9efefa",
            "description": "EKS managed node group security group",
            "egress": [],
            "id": "sg-02f805cac0f9efefa",
            "ingress": [],
            "name": "data-eks-node-group-20220422041838763700000008",
            "name_prefix": "data-eks-node-group-",
            "owner_id": "503517101544",
            "revoke_rules_on_delete": false,
            "tags": {
              "Name": "data-eks-node-group"
            },
            "tags_all": {
              "Name": "data-eks-node-group",
              "appname": "basic-app",
              "appversion": "1.0.0",
              "deploy": "terraform",
              "env": "develop"
            },
            "timeouts": null,
            "vpc_id": "vpc-0dbc4c9e7479d7a7d"
          },
          "sensitive_attributes": [],
          "private": "eyJlMmJmYjczMC1lY2FhLTExZTYtOGY4OC0zNDM2M2JjN2M0YzAiOnsiY3JlYXRlIjo2MDAwMDAwMDAwMDAsImRlbGV0ZSI6OTAwMDAwMDAwMDAwfSwic2NoZW1hX3ZlcnNpb24iOiIxIn0=",
          "dependencies": [
            "aws_security_group.additional",
            "module.vpc.aws_vpc.this"
          ],
          "create_before_destroy": true
        }
      ]
    },
    {
      "module": "module.eks.module.eks_managed_node_group[\"main\"]",
      "mode": "data",
      "type": "aws_caller_identity",
      "name": "current",
      "provider": "provider[\"registry.terraform.io/hashicorp/aws\"]",
      "instances": [
        {
          "schema_version": 0,
          "attributes": {
            "account_id": "503517101544",
            "arn": "arn:aws:iam::503517101544:user/terraform-user",
            "id": "503517101544",
            "user_id": "AIDAXKO7VHXUG6QC3XDCI"
          },
          "sensitive_attributes": []
        }
      ]
    },
    {
      "module": "module.eks.module.eks_managed_node_group[\"main\"]",
      "mode": "data",
      "type": "aws_iam_policy_document",
      "name": "assume_role_policy",
      "provider": "provider[\"registry.terraform.io/hashicorp/aws\"]",
      "instances": [
        {
          "index_key": 0,
          "schema_version": 0,
          "attributes": {
            "id": "2560088296",
            "json": "{\n  \"Version\": \"2012-10-17\",\n  \"Statement\": [\n    {\n      \"Sid\": \"EKSNodeAssumeRole\",\n      \"Effect\": \"Allow\",\n      \"Action\": \"sts:AssumeRole\",\n      \"Principal\": {\n        \"Service\": \"ec2.amazonaws.com\"\n      }\n    }\n  ]\n}",
            "override_json": null,
            "override_policy_documents": null,
            "policy_id": null,
            "source_json": null,
            "source_policy_documents": null,
            "statement": [
              {
                "actions": [
                  "sts:AssumeRole"
                ],
                "condition": [],
                "effect": "Allow",
                "not_actions": [],
                "not_principals": [],
                "not_resources": [],
                "principals": [
                  {
                    "identifiers": [
                      "ec2.amazonaws.com"
                    ],
                    "type": "Service"
                  }
                ],
                "resources": [],
                "sid": "EKSNodeAssumeRole"
              }
            ],
            "version": "2012-10-17"
          },
          "sensitive_attributes": []
        }
      ]
    },
    {
      "module": "module.eks.module.eks_managed_node_group[\"main\"]",
      "mode": "data",
      "type": "aws_partition",
      "name": "current",
      "provider": "provider[\"registry.terraform.io/hashicorp/aws\"]",
      "instances": [
        {
          "schema_version": 0,
          "attributes": {
            "dns_suffix": "amazonaws.com",
            "id": "aws",
            "partition": "aws",
            "reverse_dns_prefix": "com.amazonaws"
          },
          "sensitive_attributes": []
        }
      ]
    },
    {
      "module": "module.eks.module.eks_managed_node_group[\"main\"]",
      "mode": "managed",
      "type": "aws_eks_node_group",
      "name": "this",
      "provider": "provider[\"registry.terraform.io/hashicorp/aws\"]",
      "instances": [
        {
          "index_key": 0,
          "schema_version": 0,
          "attributes": {
            "ami_type": "AL2_x86_64",
            "arn": "arn:aws:eks:us-west-1:503517101544:nodegroup/basic-api-2/main-20220422042710346900000014/50c027c3-0d68-78d7-5eb7-a3179fc6c23b",
            "capacity_type": "SPOT",
            "cluster_name": "basic-api-2",
            "disk_size": 0,
            "force_update_version": null,
            "id": "basic-api-2:main-20220422042710346900000014",
            "instance_types": [
              "t2.micro"
            ],
            "labels": null,
            "launch_template": [
              {
                "id": "lt-0853ffa5eeafef554",
                "name": "main-20220422042709919400000012",
                "version": "1"
              }
            ],
            "node_group_name": "main-20220422042710346900000014",
            "node_group_name_prefix": "main-",
            "node_role_arn": "arn:aws:iam::503517101544:role/main-eks-node-group-20220422041838763600000006",
            "release_version": "1.21.5-20220406",
            "remote_access": [],
            "resources": [
              {
                "autoscaling_groups": [
                  {
                    "name": "eks-main-20220422042710346900000014-50c027c3-0d68-78d7-5eb7-a3179fc6c23b"
                  }
                ],
                "remote_access_security_group_id": ""
              }
            ],
            "scaling_config": [
              {
                "desired_size": 1,
                "max_size": 2,
                "min_size": 1
              }
            ],
            "status": "ACTIVE",
            "subnet_ids": [
              "subnet-099acaa278a0e813b",
              "subnet-0b65d5d8ec9de78a8",
              "subnet-0ee13c92587a63a63"
            ],
            "tags": {
              "Name": "main",
              "terra": "main-node-group"
            },
            "tags_all": {
              "Name": "main",
              "appname": "basic-app",
              "appversion": "1.0.0",
              "deploy": "terraform",
              "env": "develop",
              "terra": "main-node-group"
            },
            "taint": [],
            "timeouts": {
              "create": null,
              "delete": null,
              "update": null
            },
            "update_config": [
              {
                "max_unavailable": 1,
                "max_unavailable_percentage": 0
              }
            ],
            "version": "1.21"
          },
          "sensitive_attributes": [],
          "private": "eyJlMmJmYjczMC1lY2FhLTExZTYtOGY4OC0zNDM2M2JjN2M0YzAiOnsiY3JlYXRlIjozNjAwMDAwMDAwMDAwLCJkZWxldGUiOjM2MDAwMDAwMDAwMDAsInVwZGF0ZSI6MzYwMDAwMDAwMDAwMH19",
          "dependencies": [
            "aws_security_group.additional",
            "data.aws_availability_zones.available",
            "module.eks.aws_cloudwatch_log_group.this",
            "module.eks.aws_eks_cluster.this",
            "module.eks.aws_iam_role.this",
            "module.eks.aws_iam_role_policy_attachment.this",
            "module.eks.aws_security_group.cluster",
            "module.eks.aws_security_group.node",
            "module.eks.aws_security_group_rule.cluster",
            "module.eks.aws_security_group_rule.node",
            "module.eks.data.aws_iam_policy_document.assume_role_policy",
            "module.eks.data.aws_partition.current",
            "module.eks.module.eks_managed_node_group.aws_iam_role.this",
            "module.eks.module.eks_managed_node_group.aws_iam_role_policy_attachment.this",
            "module.eks.module.eks_managed_node_group.aws_launch_template.this",
            "module.eks.module.eks_managed_node_group.aws_security_group.this",
            "module.eks.module.eks_managed_node_group.aws_security_group_rule.this",
            "module.eks.module.eks_managed_node_group.data.aws_caller_identity.current",
            "module.eks.module.eks_managed_node_group.data.aws_iam_policy_document.assume_role_policy",
            "module.eks.module.eks_managed_node_group.data.aws_partition.current",
            "module.eks.module.eks_managed_node_group.module.user_data.data.cloudinit_config.linux_eks_managed_node_group",
            "module.vpc.aws_subnet.private",
            "module.vpc.aws_vpc.this",
            "module.vpc.aws_vpc_ipv4_cidr_block_association.this"
          ],
          "create_before_destroy": true
        }
      ]
    },
    {
      "module": "module.eks.module.eks_managed_node_group[\"main\"]",
      "mode": "managed",
      "type": "aws_iam_role",
      "name": "this",
      "provider": "provider[\"registry.terraform.io/hashicorp/aws\"]",
      "instances": [
        {
          "index_key": 0,
          "schema_version": 0,
          "attributes": {
            "arn": "arn:aws:iam::503517101544:role/main-eks-node-group-20220422041838763600000006",
            "assume_role_policy": "{\"Version\":\"2012-10-17\",\"Statement\":[{\"Sid\":\"EKSNodeAssumeRole\",\"Effect\":\"Allow\",\"Principal\":{\"Service\":\"ec2.amazonaws.com\"},\"Action\":\"sts:AssumeRole\"}]}",
            "create_date": "2022-04-22T04:18:38Z",
            "description": "EKS managed node group IAM role",
            "force_detach_policies": true,
            "id": "main-eks-node-group-20220422041838763600000006",
            "inline_policy": [
              {
                "name": "",
                "policy": ""
              }
            ],
            "managed_policy_arns": [],
            "max_session_duration": 3600,
            "name": "main-eks-node-group-20220422041838763600000006",
            "name_prefix": "main-eks-node-group-",
            "path": "/",
            "permissions_boundary": null,
            "tags": {
              "terra": "main-node-group"
            },
            "tags_all": {
              "appname": "basic-app",
              "appversion": "1.0.0",
              "deploy": "terraform",
              "env": "develop",
              "terra": "main-node-group"
            },
            "unique_id": "AROAXKO7VHXUEBJNS6VA4"
          },
          "sensitive_attributes": [],
          "private": "bnVsbA==",
          "dependencies": [
            "aws_security_group.additional",
            "module.eks.module.eks_managed_node_group.data.aws_iam_policy_document.assume_role_policy",
            "module.vpc.aws_vpc.this"
          ],
          "create_before_destroy": true
        }
      ]
    },
    {
      "module": "module.eks.module.eks_managed_node_group[\"main\"]",
      "mode": "managed",
      "type": "aws_iam_role_policy_attachment",
      "name": "this",
      "provider": "provider[\"registry.terraform.io/hashicorp/aws\"]",
      "instances": [
        {
          "index_key": "arn:aws:iam::aws:policy/AmazonEC2ContainerRegistryReadOnly",
          "schema_version": 0,
          "attributes": {
            "id": "main-eks-node-group-20220422041838763600000006-2022042204184302470000000a",
            "policy_arn": "arn:aws:iam::aws:policy/AmazonEC2ContainerRegistryReadOnly",
            "role": "main-eks-node-group-20220422041838763600000006"
          },
          "sensitive_attributes": [],
          "private": "bnVsbA==",
          "dependencies": [
            "aws_security_group.additional",
            "module.eks.module.eks_managed_node_group.aws_iam_role.this",
            "module.eks.module.eks_managed_node_group.data.aws_caller_identity.current",
            "module.eks.module.eks_managed_node_group.data.aws_iam_policy_document.assume_role_policy",
            "module.eks.module.eks_managed_node_group.data.aws_partition.current",
            "module.vpc.aws_vpc.this"
          ],
          "create_before_destroy": true
        },
        {
          "index_key": "arn:aws:iam::aws:policy/AmazonEKSWorkerNodePolicy",
          "schema_version": 0,
          "attributes": {
            "id": "main-eks-node-group-20220422041838763600000006-2022042204184353640000000d",
            "policy_arn": "arn:aws:iam::aws:policy/AmazonEKSWorkerNodePolicy",
            "role": "main-eks-node-group-20220422041838763600000006"
          },
          "sensitive_attributes": [],
          "private": "bnVsbA==",
          "dependencies": [
            "aws_security_group.additional",
            "module.eks.module.eks_managed_node_group.aws_iam_role.this",
            "module.eks.module.eks_managed_node_group.data.aws_caller_identity.current",
            "module.eks.module.eks_managed_node_group.data.aws_iam_policy_document.assume_role_policy",
            "module.eks.module.eks_managed_node_group.data.aws_partition.current",
            "module.vpc.aws_vpc.this"
          ],
          "create_before_destroy": true
        },
        {
          "index_key": "arn:aws:iam::aws:policy/AmazonEKS_CNI_Policy",
          "schema_version": 0,
          "attributes": {
            "id": "main-eks-node-group-20220422041838763600000006-2022042204184327270000000b",
            "policy_arn": "arn:aws:iam::aws:policy/AmazonEKS_CNI_Policy",
            "role": "main-eks-node-group-20220422041838763600000006"
          },
          "sensitive_attributes": [],
          "private": "bnVsbA==",
          "dependencies": [
            "aws_security_group.additional",
            "module.eks.module.eks_managed_node_group.aws_iam_role.this",
            "module.eks.module.eks_managed_node_group.data.aws_caller_identity.current",
            "module.eks.module.eks_managed_node_group.data.aws_iam_policy_document.assume_role_policy",
            "module.eks.module.eks_managed_node_group.data.aws_partition.current",
            "module.vpc.aws_vpc.this"
          ],
          "create_before_destroy": true
        }
      ]
    },
    {
      "module": "module.eks.module.eks_managed_node_group[\"main\"]",
      "mode": "managed",
      "type": "aws_launch_template",
      "name": "this",
      "provider": "provider[\"registry.terraform.io/hashicorp/aws\"]",
      "instances": [
        {
          "index_key": 0,
          "schema_version": 0,
          "attributes": {
            "arn": "arn:aws:ec2:us-west-1:503517101544:launch-template/lt-0853ffa5eeafef554",
            "block_device_mappings": [],
            "capacity_reservation_specification": [],
            "cpu_options": [],
            "credit_specification": [],
            "default_version": 1,
            "description": "Custom launch template for main EKS managed node group",
            "disable_api_termination": false,
            "ebs_optimized": "",
            "elastic_gpu_specifications": [],
            "elastic_inference_accelerator": [],
            "enclave_options": [],
            "hibernation_options": [],
            "iam_instance_profile": [],
            "id": "lt-0853ffa5eeafef554",
            "image_id": "",
            "instance_initiated_shutdown_behavior": "",
            "instance_market_options": [],
            "instance_type": "",
            "kernel_id": "",
            "key_name": "",
            "latest_version": 1,
            "license_specification": [],
            "metadata_options": [
              {
                "http_endpoint": "enabled",
                "http_protocol_ipv6": "disabled",
                "http_put_response_hop_limit": 2,
                "http_tokens": "required",
                "instance_metadata_tags": "disabled"
              }
            ],
            "monitoring": [
              {
                "enabled": true
              }
            ],
            "name": "main-20220422042709919400000012",
            "name_prefix": "main-",
            "network_interfaces": [],
            "placement": [],
            "private_dns_name_options": [],
            "ram_disk_id": "",
            "security_group_names": null,
            "tag_specifications": [
              {
                "resource_type": "instance",
                "tags": {
                  "Name": "main",
                  "terra": "main-node-group"
                }
              },
              {
                "resource_type": "network-interface",
                "tags": {
                  "Name": "main",
                  "terra": "main-node-group"
                }
              },
              {
                "resource_type": "volume",
                "tags": {
                  "Name": "main",
                  "terra": "main-node-group"
                }
              }
            ],
            "tags": {
              "terra": "main-node-group"
            },
            "tags_all": {
              "appname": "basic-app",
              "appversion": "1.0.0",
              "deploy": "terraform",
              "env": "develop",
              "terra": "main-node-group"
            },
            "update_default_version": true,
            "user_data": "",
            "vpc_security_group_ids": [
              "sg-03718ee5619ec6204",
              "sg-082d73104fc4a6acb",
              "sg-0ee4c9b9f14140e0a",
              "sg-0fa0b2c5f85af48aa"
            ]
          },
          "sensitive_attributes": [],
          "private": "bnVsbA==",
          "dependencies": [
            "aws_security_group.additional",
            "data.aws_availability_zones.available",
            "module.eks.aws_cloudwatch_log_group.this",
            "module.eks.aws_eks_cluster.this",
            "module.eks.aws_iam_role.this",
            "module.eks.aws_iam_role_policy_attachment.this",
            "module.eks.aws_security_group.cluster",
            "module.eks.aws_security_group.node",
            "module.eks.aws_security_group_rule.cluster",
            "module.eks.aws_security_group_rule.node",
            "module.eks.data.aws_iam_policy_document.assume_role_policy",
            "module.eks.data.aws_partition.current",
            "module.eks.module.eks_managed_node_group.aws_iam_role.this",
            "module.eks.module.eks_managed_node_group.aws_iam_role_policy_attachment.this",
            "module.eks.module.eks_managed_node_group.aws_security_group.this",
            "module.eks.module.eks_managed_node_group.aws_security_group_rule.this",
            "module.eks.module.eks_managed_node_group.data.aws_caller_identity.current",
            "module.eks.module.eks_managed_node_group.data.aws_iam_policy_document.assume_role_policy",
            "module.eks.module.eks_managed_node_group.data.aws_partition.current",
            "module.eks.module.eks_managed_node_group.module.user_data.data.cloudinit_config.linux_eks_managed_node_group",
            "module.vpc.aws_subnet.private",
            "module.vpc.aws_vpc.this",
            "module.vpc.aws_vpc_ipv4_cidr_block_association.this"
          ],
          "create_before_destroy": true
        }
      ]
    },
    {
      "module": "module.eks.module.eks_managed_node_group[\"main\"]",
      "mode": "managed",
      "type": "aws_security_group",
      "name": "this",
      "provider": "provider[\"registry.terraform.io/hashicorp/aws\"]",
      "instances": [
        {
          "index_key": 0,
          "schema_version": 1,
          "attributes": {
            "arn": "arn:aws:ec2:us-west-1:503517101544:security-group/sg-03718ee5619ec6204",
            "description": "EKS managed node group security group",
            "egress": [],
            "id": "sg-03718ee5619ec6204",
            "ingress": [],
            "name": "main-eks-node-group-20220422041838763800000009",
            "name_prefix": "main-eks-node-group-",
            "owner_id": "503517101544",
            "revoke_rules_on_delete": false,
            "tags": {
              "Name": "main-eks-node-group",
              "terra": "main-node-group"
            },
            "tags_all": {
              "Name": "main-eks-node-group",
              "appname": "basic-app",
              "appversion": "1.0.0",
              "deploy": "terraform",
              "env": "develop",
              "terra": "main-node-group"
            },
            "timeouts": null,
            "vpc_id": "vpc-0dbc4c9e7479d7a7d"
          },
          "sensitive_attributes": [],
          "private": "eyJlMmJmYjczMC1lY2FhLTExZTYtOGY4OC0zNDM2M2JjN2M0YzAiOnsiY3JlYXRlIjo2MDAwMDAwMDAwMDAsImRlbGV0ZSI6OTAwMDAwMDAwMDAwfSwic2NoZW1hX3ZlcnNpb24iOiIxIn0=",
          "dependencies": [
            "aws_security_group.additional",
            "module.vpc.aws_vpc.this"
          ],
          "create_before_destroy": true
        }
      ]
    },
    {
      "module": "module.vpc",
      "mode": "managed",
      "type": "aws_eip",
      "name": "nat",
      "provider": "provider[\"registry.terraform.io/hashicorp/aws\"]",
      "instances": [
        {
          "index_key": 0,
          "schema_version": 0,
          "attributes": {
            "address": null,
            "allocation_id": "eipalloc-0f57102349a1faced",
            "associate_with_private_ip": null,
            "association_id": "",
            "carrier_ip": "",
            "customer_owned_ip": "",
            "customer_owned_ipv4_pool": "",
            "domain": "vpc",
            "id": "eipalloc-0f57102349a1faced",
            "instance": "",
            "network_border_group": "us-west-1",
            "network_interface": "",
            "private_dns": null,
            "private_ip": "",
            "public_dns": "ec2-54-215-139-119.us-west-1.compute.amazonaws.com",
            "public_ip": "54.215.139.119",
            "public_ipv4_pool": "amazon",
            "tags": {
              "Name": "k8s-vpc-us-west-1b"
            },
            "tags_all": {
              "Name": "k8s-vpc-us-west-1b",
              "appname": "basic-app",
              "appversion": "1.0.0",
              "deploy": "terraform",
              "env": "develop"
            },
            "timeouts": null,
            "vpc": true
          },
          "sensitive_attributes": [],
          "private": "eyJlMmJmYjczMC1lY2FhLTExZTYtOGY4OC0zNDM2M2JjN2M0YzAiOnsiZGVsZXRlIjoxODAwMDAwMDAwMDAsInJlYWQiOjkwMDAwMDAwMDAwMCwidXBkYXRlIjozMDAwMDAwMDAwMDB9fQ==",
          "dependencies": [
            "data.aws_availability_zones.available"
          ]
        }
      ]
    },
    {
      "module": "module.vpc",
      "mode": "managed",
      "type": "aws_internet_gateway",
      "name": "this",
      "provider": "provider[\"registry.terraform.io/hashicorp/aws\"]",
      "instances": [
        {
          "index_key": 0,
          "schema_version": 0,
          "attributes": {
            "arn": "arn:aws:ec2:us-west-1:503517101544:internet-gateway/igw-0716ee3bc0f4eced5",
            "id": "igw-0716ee3bc0f4eced5",
            "owner_id": "503517101544",
            "tags": {
              "Name": "k8s-vpc"
            },
            "tags_all": {
              "Name": "k8s-vpc",
              "appname": "basic-app",
              "appversion": "1.0.0",
              "deploy": "terraform",
              "env": "develop"
            },
            "vpc_id": "vpc-0dbc4c9e7479d7a7d"
          },
          "sensitive_attributes": [],
          "private": "bnVsbA==",
          "dependencies": [
            "module.vpc.aws_vpc.this",
            "module.vpc.aws_vpc_ipv4_cidr_block_association.this"
          ]
        }
      ]
    },
    {
      "module": "module.vpc",
      "mode": "managed",
      "type": "aws_nat_gateway",
      "name": "this",
      "provider": "provider[\"registry.terraform.io/hashicorp/aws\"]",
      "instances": [
        {
          "index_key": 0,
          "schema_version": 0,
          "attributes": {
            "allocation_id": "eipalloc-0f57102349a1faced",
            "connectivity_type": "public",
            "id": "nat-01c4005f4b7185e43",
            "network_interface_id": "eni-0186a3d7c7dfa0177",
            "private_ip": "172.16.4.230",
            "public_ip": "54.215.139.119",
            "subnet_id": "subnet-07e1c383e79c01b46",
            "tags": {
              "Name": "k8s-vpc-us-west-1b"
            },
            "tags_all": {
              "Name": "k8s-vpc-us-west-1b",
              "appname": "basic-app",
              "appversion": "1.0.0",
              "deploy": "terraform",
              "env": "develop"
            }
          },
          "sensitive_attributes": [],
          "private": "bnVsbA==",
          "dependencies": [
            "data.aws_availability_zones.available",
            "module.vpc.aws_eip.nat",
            "module.vpc.aws_internet_gateway.this",
            "module.vpc.aws_subnet.public",
            "module.vpc.aws_vpc.this",
            "module.vpc.aws_vpc_ipv4_cidr_block_association.this"
          ]
        }
      ]
    },
    {
      "module": "module.vpc",
      "mode": "managed",
      "type": "aws_route",
      "name": "private_nat_gateway",
      "provider": "provider[\"registry.terraform.io/hashicorp/aws\"]",
      "instances": [
        {
          "index_key": 0,
          "schema_version": 0,
          "attributes": {
            "carrier_gateway_id": "",
            "core_network_arn": "",
            "destination_cidr_block": "0.0.0.0/0",
            "destination_ipv6_cidr_block": "",
            "destination_prefix_list_id": "",
            "egress_only_gateway_id": "",
            "gateway_id": "",
            "id": "r-rtb-0eb951169be8422941080289494",
            "instance_id": "",
            "instance_owner_id": "",
            "local_gateway_id": "",
            "nat_gateway_id": "nat-01c4005f4b7185e43",
            "network_interface_id": "",
            "origin": "CreateRoute",
            "route_table_id": "rtb-0eb951169be842294",
            "state": "active",
            "timeouts": {
              "create": "5m",
              "delete": null,
              "update": null
            },
            "transit_gateway_id": "",
            "vpc_endpoint_id": "",
            "vpc_peering_connection_id": ""
          },
          "sensitive_attributes": [],
          "private": "eyJlMmJmYjczMC1lY2FhLTExZTYtOGY4OC0zNDM2M2JjN2M0YzAiOnsiY3JlYXRlIjozMDAwMDAwMDAwMDAsImRlbGV0ZSI6MzAwMDAwMDAwMDAwLCJ1cGRhdGUiOjEyMDAwMDAwMDAwMH19",
          "dependencies": [
            "data.aws_availability_zones.available",
            "module.vpc.aws_eip.nat",
            "module.vpc.aws_internet_gateway.this",
            "module.vpc.aws_nat_gateway.this",
            "module.vpc.aws_route_table.private",
            "module.vpc.aws_subnet.public",
            "module.vpc.aws_vpc.this",
            "module.vpc.aws_vpc_ipv4_cidr_block_association.this"
          ]
        }
      ]
    },
    {
      "module": "module.vpc",
      "mode": "managed",
      "type": "aws_route",
      "name": "public_internet_gateway",
      "provider": "provider[\"registry.terraform.io/hashicorp/aws\"]",
      "instances": [
        {
          "index_key": 0,
          "schema_version": 0,
          "attributes": {
            "carrier_gateway_id": "",
            "core_network_arn": "",
            "destination_cidr_block": "0.0.0.0/0",
            "destination_ipv6_cidr_block": "",
            "destination_prefix_list_id": "",
            "egress_only_gateway_id": "",
            "gateway_id": "igw-0716ee3bc0f4eced5",
            "id": "r-rtb-0fde8704e896b3ed81080289494",
            "instance_id": "",
            "instance_owner_id": "",
            "local_gateway_id": "",
            "nat_gateway_id": "",
            "network_interface_id": "",
            "origin": "CreateRoute",
            "route_table_id": "rtb-0fde8704e896b3ed8",
            "state": "active",
            "timeouts": {
              "create": "5m",
              "delete": null,
              "update": null
            },
            "transit_gateway_id": "",
            "vpc_endpoint_id": "",
            "vpc_peering_connection_id": ""
          },
          "sensitive_attributes": [],
          "private": "eyJlMmJmYjczMC1lY2FhLTExZTYtOGY4OC0zNDM2M2JjN2M0YzAiOnsiY3JlYXRlIjozMDAwMDAwMDAwMDAsImRlbGV0ZSI6MzAwMDAwMDAwMDAwLCJ1cGRhdGUiOjEyMDAwMDAwMDAwMH19",
          "dependencies": [
            "module.vpc.aws_internet_gateway.this",
            "module.vpc.aws_route_table.public",
            "module.vpc.aws_vpc.this",
            "module.vpc.aws_vpc_ipv4_cidr_block_association.this"
          ]
        }
      ]
    },
    {
      "module": "module.vpc",
      "mode": "managed",
      "type": "aws_route_table",
      "name": "private",
      "provider": "provider[\"registry.terraform.io/hashicorp/aws\"]",
      "instances": [
        {
          "index_key": 0,
          "schema_version": 0,
          "attributes": {
            "arn": "arn:aws:ec2:us-west-1:503517101544:route-table/rtb-0eb951169be842294",
            "id": "rtb-0eb951169be842294",
            "owner_id": "503517101544",
            "propagating_vgws": [],
            "route": [],
            "tags": {
              "Name": "k8s-vpc-private"
            },
            "tags_all": {
              "Name": "k8s-vpc-private",
              "appname": "basic-app",
              "appversion": "1.0.0",
              "deploy": "terraform",
              "env": "develop"
            },
            "timeouts": null,
            "vpc_id": "vpc-0dbc4c9e7479d7a7d"
          },
          "sensitive_attributes": [],
          "private": "eyJlMmJmYjczMC1lY2FhLTExZTYtOGY4OC0zNDM2M2JjN2M0YzAiOnsiY3JlYXRlIjozMDAwMDAwMDAwMDAsImRlbGV0ZSI6MzAwMDAwMDAwMDAwLCJ1cGRhdGUiOjEyMDAwMDAwMDAwMH19",
          "dependencies": [
            "data.aws_availability_zones.available",
            "module.vpc.aws_vpc.this",
            "module.vpc.aws_vpc_ipv4_cidr_block_association.this"
          ]
        }
      ]
    },
    {
      "module": "module.vpc",
      "mode": "managed",
      "type": "aws_route_table",
      "name": "public",
      "provider": "provider[\"registry.terraform.io/hashicorp/aws\"]",
      "instances": [
        {
          "index_key": 0,
          "schema_version": 0,
          "attributes": {
            "arn": "arn:aws:ec2:us-west-1:503517101544:route-table/rtb-0fde8704e896b3ed8",
            "id": "rtb-0fde8704e896b3ed8",
            "owner_id": "503517101544",
            "propagating_vgws": [],
            "route": [],
            "tags": {
              "Name": "k8s-vpc-public"
            },
            "tags_all": {
              "Name": "k8s-vpc-public",
              "appname": "basic-app",
              "appversion": "1.0.0",
              "deploy": "terraform",
              "env": "develop"
            },
            "timeouts": null,
            "vpc_id": "vpc-0dbc4c9e7479d7a7d"
          },
          "sensitive_attributes": [],
          "private": "eyJlMmJmYjczMC1lY2FhLTExZTYtOGY4OC0zNDM2M2JjN2M0YzAiOnsiY3JlYXRlIjozMDAwMDAwMDAwMDAsImRlbGV0ZSI6MzAwMDAwMDAwMDAwLCJ1cGRhdGUiOjEyMDAwMDAwMDAwMH19",
          "dependencies": [
            "module.vpc.aws_vpc.this",
            "module.vpc.aws_vpc_ipv4_cidr_block_association.this"
          ]
        }
      ]
    },
    {
      "module": "module.vpc",
      "mode": "managed",
      "type": "aws_route_table_association",
      "name": "private",
      "provider": "provider[\"registry.terraform.io/hashicorp/aws\"]",
      "instances": [
        {
          "index_key": 0,
          "schema_version": 0,
          "attributes": {
            "gateway_id": "",
            "id": "rtbassoc-01f5ca854846b791a",
            "route_table_id": "rtb-0eb951169be842294",
            "subnet_id": "subnet-099acaa278a0e813b"
          },
          "sensitive_attributes": [],
          "private": "bnVsbA==",
          "dependencies": [
            "data.aws_availability_zones.available",
            "module.vpc.aws_route_table.private",
            "module.vpc.aws_subnet.private",
            "module.vpc.aws_vpc.this",
            "module.vpc.aws_vpc_ipv4_cidr_block_association.this"
          ]
        },
        {
          "index_key": 1,
          "schema_version": 0,
          "attributes": {
            "gateway_id": "",
            "id": "rtbassoc-0e99ae4665ef6bb60",
            "route_table_id": "rtb-0eb951169be842294",
            "subnet_id": "subnet-0b65d5d8ec9de78a8"
          },
          "sensitive_attributes": [],
          "private": "bnVsbA==",
          "dependencies": [
            "data.aws_availability_zones.available",
            "module.vpc.aws_route_table.private",
            "module.vpc.aws_subnet.private",
            "module.vpc.aws_vpc.this",
            "module.vpc.aws_vpc_ipv4_cidr_block_association.this"
          ]
        },
        {
          "index_key": 2,
          "schema_version": 0,
          "attributes": {
            "gateway_id": "",
            "id": "rtbassoc-095b4bacdeafd123f",
            "route_table_id": "rtb-0eb951169be842294",
            "subnet_id": "subnet-0ee13c92587a63a63"
          },
          "sensitive_attributes": [],
          "private": "bnVsbA==",
          "dependencies": [
            "data.aws_availability_zones.available",
            "module.vpc.aws_route_table.private",
            "module.vpc.aws_subnet.private",
            "module.vpc.aws_vpc.this",
            "module.vpc.aws_vpc_ipv4_cidr_block_association.this"
          ]
        }
      ]
    },
    {
      "module": "module.vpc",
      "mode": "managed",
      "type": "aws_route_table_association",
      "name": "public",
      "provider": "provider[\"registry.terraform.io/hashicorp/aws\"]",
      "instances": [
        {
          "index_key": 0,
          "schema_version": 0,
          "attributes": {
            "gateway_id": "",
            "id": "rtbassoc-049fd77993f4911b5",
            "route_table_id": "rtb-0fde8704e896b3ed8",
            "subnet_id": "subnet-07e1c383e79c01b46"
          },
          "sensitive_attributes": [],
          "private": "bnVsbA==",
          "dependencies": [
            "data.aws_availability_zones.available",
            "module.vpc.aws_route_table.public",
            "module.vpc.aws_subnet.public",
            "module.vpc.aws_vpc.this",
            "module.vpc.aws_vpc_ipv4_cidr_block_association.this"
          ]
        },
        {
          "index_key": 1,
          "schema_version": 0,
          "attributes": {
            "gateway_id": "",
            "id": "rtbassoc-0fd9563d704af4a1d",
            "route_table_id": "rtb-0fde8704e896b3ed8",
            "subnet_id": "subnet-07e0b4077334ae45c"
          },
          "sensitive_attributes": [],
          "private": "bnVsbA==",
          "dependencies": [
            "data.aws_availability_zones.available",
            "module.vpc.aws_route_table.public",
            "module.vpc.aws_subnet.public",
            "module.vpc.aws_vpc.this",
            "module.vpc.aws_vpc_ipv4_cidr_block_association.this"
          ]
        },
        {
          "index_key": 2,
          "schema_version": 0,
          "attributes": {
            "gateway_id": "",
            "id": "rtbassoc-025e3e15154ffadfa",
            "route_table_id": "rtb-0fde8704e896b3ed8",
            "subnet_id": "subnet-0e292307deca6e340"
          },
          "sensitive_attributes": [],
          "private": "bnVsbA==",
          "dependencies": [
            "data.aws_availability_zones.available",
            "module.vpc.aws_route_table.public",
            "module.vpc.aws_subnet.public",
            "module.vpc.aws_vpc.this",
            "module.vpc.aws_vpc_ipv4_cidr_block_association.this"
          ]
        }
      ]
    },
    {
      "module": "module.vpc",
      "mode": "managed",
      "type": "aws_subnet",
      "name": "private",
      "provider": "provider[\"registry.terraform.io/hashicorp/aws\"]",
      "instances": [
        {
          "index_key": 0,
          "schema_version": 1,
          "attributes": {
            "arn": "arn:aws:ec2:us-west-1:503517101544:subnet/subnet-099acaa278a0e813b",
            "assign_ipv6_address_on_creation": false,
            "availability_zone": "us-west-1b",
            "availability_zone_id": "usw1-az3",
            "cidr_block": "172.16.1.0/24",
            "customer_owned_ipv4_pool": "",
            "enable_dns64": false,
            "enable_resource_name_dns_a_record_on_launch": false,
            "enable_resource_name_dns_aaaa_record_on_launch": false,
            "id": "subnet-099acaa278a0e813b",
            "ipv6_cidr_block": "",
            "ipv6_cidr_block_association_id": "",
            "ipv6_native": false,
            "map_customer_owned_ip_on_launch": false,
            "map_public_ip_on_launch": false,
            "outpost_arn": "",
            "owner_id": "503517101544",
            "private_dns_hostname_type_on_launch": "ip-name",
            "tags": {
              "Name": "k8s-vpc-private-us-west-1b",
              "kubernetes.io/cluster/basic-api-2": "shared",
              "kubernetes.io/role/internal-elb": "1"
            },
            "tags_all": {
              "Name": "k8s-vpc-private-us-west-1b",
              "appname": "basic-app",
              "appversion": "1.0.0",
              "deploy": "terraform",
              "env": "develop",
              "kubernetes.io/cluster/basic-api-2": "shared",
              "kubernetes.io/role/internal-elb": "1"
            },
            "timeouts": null,
            "vpc_id": "vpc-0dbc4c9e7479d7a7d"
          },
          "sensitive_attributes": [],
          "private": "eyJlMmJmYjczMC1lY2FhLTExZTYtOGY4OC0zNDM2M2JjN2M0YzAiOnsiY3JlYXRlIjo2MDAwMDAwMDAwMDAsImRlbGV0ZSI6MTIwMDAwMDAwMDAwMH0sInNjaGVtYV92ZXJzaW9uIjoiMSJ9",
          "dependencies": [
            "data.aws_availability_zones.available",
            "module.vpc.aws_vpc.this",
            "module.vpc.aws_vpc_ipv4_cidr_block_association.this"
          ],
          "create_before_destroy": true
        },
        {
          "index_key": 1,
          "schema_version": 1,
          "attributes": {
            "arn": "arn:aws:ec2:us-west-1:503517101544:subnet/subnet-0b65d5d8ec9de78a8",
            "assign_ipv6_address_on_creation": false,
            "availability_zone": "us-west-1c",
            "availability_zone_id": "usw1-az1",
            "cidr_block": "172.16.2.0/24",
            "customer_owned_ipv4_pool": "",
            "enable_dns64": false,
            "enable_resource_name_dns_a_record_on_launch": false,
            "enable_resource_name_dns_aaaa_record_on_launch": false,
            "id": "subnet-0b65d5d8ec9de78a8",
            "ipv6_cidr_block": "",
            "ipv6_cidr_block_association_id": "",
            "ipv6_native": false,
            "map_customer_owned_ip_on_launch": false,
            "map_public_ip_on_launch": false,
            "outpost_arn": "",
            "owner_id": "503517101544",
            "private_dns_hostname_type_on_launch": "ip-name",
            "tags": {
              "Name": "k8s-vpc-private-us-west-1c",
              "kubernetes.io/cluster/basic-api-2": "shared",
              "kubernetes.io/role/internal-elb": "1"
            },
            "tags_all": {
              "Name": "k8s-vpc-private-us-west-1c",
              "appname": "basic-app",
              "appversion": "1.0.0",
              "deploy": "terraform",
              "env": "develop",
              "kubernetes.io/cluster/basic-api-2": "shared",
              "kubernetes.io/role/internal-elb": "1"
            },
            "timeouts": null,
            "vpc_id": "vpc-0dbc4c9e7479d7a7d"
          },
          "sensitive_attributes": [],
          "private": "eyJlMmJmYjczMC1lY2FhLTExZTYtOGY4OC0zNDM2M2JjN2M0YzAiOnsiY3JlYXRlIjo2MDAwMDAwMDAwMDAsImRlbGV0ZSI6MTIwMDAwMDAwMDAwMH0sInNjaGVtYV92ZXJzaW9uIjoiMSJ9",
          "dependencies": [
            "data.aws_availability_zones.available",
            "module.vpc.aws_vpc.this",
            "module.vpc.aws_vpc_ipv4_cidr_block_association.this"
          ],
          "create_before_destroy": true
        },
        {
          "index_key": 2,
          "schema_version": 1,
          "attributes": {
            "arn": "arn:aws:ec2:us-west-1:503517101544:subnet/subnet-0ee13c92587a63a63",
            "assign_ipv6_address_on_creation": false,
            "availability_zone": "us-west-1b",
            "availability_zone_id": "usw1-az3",
            "cidr_block": "172.16.3.0/24",
            "customer_owned_ipv4_pool": "",
            "enable_dns64": false,
            "enable_resource_name_dns_a_record_on_launch": false,
            "enable_resource_name_dns_aaaa_record_on_launch": false,
            "id": "subnet-0ee13c92587a63a63",
            "ipv6_cidr_block": "",
            "ipv6_cidr_block_association_id": "",
            "ipv6_native": false,
            "map_customer_owned_ip_on_launch": false,
            "map_public_ip_on_launch": false,
            "outpost_arn": "",
            "owner_id": "503517101544",
            "private_dns_hostname_type_on_launch": "ip-name",
            "tags": {
              "Name": "k8s-vpc-private-us-west-1b",
              "kubernetes.io/cluster/basic-api-2": "shared",
              "kubernetes.io/role/internal-elb": "1"
            },
            "tags_all": {
              "Name": "k8s-vpc-private-us-west-1b",
              "appname": "basic-app",
              "appversion": "1.0.0",
              "deploy": "terraform",
              "env": "develop",
              "kubernetes.io/cluster/basic-api-2": "shared",
              "kubernetes.io/role/internal-elb": "1"
            },
            "timeouts": null,
            "vpc_id": "vpc-0dbc4c9e7479d7a7d"
          },
          "sensitive_attributes": [],
          "private": "eyJlMmJmYjczMC1lY2FhLTExZTYtOGY4OC0zNDM2M2JjN2M0YzAiOnsiY3JlYXRlIjo2MDAwMDAwMDAwMDAsImRlbGV0ZSI6MTIwMDAwMDAwMDAwMH0sInNjaGVtYV92ZXJzaW9uIjoiMSJ9",
          "dependencies": [
            "data.aws_availability_zones.available",
            "module.vpc.aws_vpc.this",
            "module.vpc.aws_vpc_ipv4_cidr_block_association.this"
          ],
          "create_before_destroy": true
        }
      ]
    },
    {
      "module": "module.vpc",
      "mode": "managed",
      "type": "aws_subnet",
      "name": "public",
      "provider": "provider[\"registry.terraform.io/hashicorp/aws\"]",
      "instances": [
        {
          "index_key": 0,
          "schema_version": 1,
          "attributes": {
            "arn": "arn:aws:ec2:us-west-1:503517101544:subnet/subnet-07e1c383e79c01b46",
            "assign_ipv6_address_on_creation": false,
            "availability_zone": "us-west-1b",
            "availability_zone_id": "usw1-az3",
            "cidr_block": "172.16.4.0/24",
            "customer_owned_ipv4_pool": "",
            "enable_dns64": false,
            "enable_resource_name_dns_a_record_on_launch": false,
            "enable_resource_name_dns_aaaa_record_on_launch": false,
            "id": "subnet-07e1c383e79c01b46",
            "ipv6_cidr_block": "",
            "ipv6_cidr_block_association_id": "",
            "ipv6_native": false,
            "map_customer_owned_ip_on_launch": false,
            "map_public_ip_on_launch": true,
            "outpost_arn": "",
            "owner_id": "503517101544",
            "private_dns_hostname_type_on_launch": "ip-name",
            "tags": {
              "Name": "k8s-vpc-public-us-west-1b",
              "kubernetes.io/cluster/basic-api-2": "shared",
              "kubernetes.io/role/elb": "1"
            },
            "tags_all": {
              "Name": "k8s-vpc-public-us-west-1b",
              "appname": "basic-app",
              "appversion": "1.0.0",
              "deploy": "terraform",
              "env": "develop",
              "kubernetes.io/cluster/basic-api-2": "shared",
              "kubernetes.io/role/elb": "1"
            },
            "timeouts": null,
            "vpc_id": "vpc-0dbc4c9e7479d7a7d"
          },
          "sensitive_attributes": [],
          "private": "eyJlMmJmYjczMC1lY2FhLTExZTYtOGY4OC0zNDM2M2JjN2M0YzAiOnsiY3JlYXRlIjo2MDAwMDAwMDAwMDAsImRlbGV0ZSI6MTIwMDAwMDAwMDAwMH0sInNjaGVtYV92ZXJzaW9uIjoiMSJ9",
          "dependencies": [
            "data.aws_availability_zones.available",
            "module.vpc.aws_vpc.this",
            "module.vpc.aws_vpc_ipv4_cidr_block_association.this"
          ]
        },
        {
          "index_key": 1,
          "schema_version": 1,
          "attributes": {
            "arn": "arn:aws:ec2:us-west-1:503517101544:subnet/subnet-07e0b4077334ae45c",
            "assign_ipv6_address_on_creation": false,
            "availability_zone": "us-west-1c",
            "availability_zone_id": "usw1-az1",
            "cidr_block": "172.16.5.0/24",
            "customer_owned_ipv4_pool": "",
            "enable_dns64": false,
            "enable_resource_name_dns_a_record_on_launch": false,
            "enable_resource_name_dns_aaaa_record_on_launch": false,
            "id": "subnet-07e0b4077334ae45c",
            "ipv6_cidr_block": "",
            "ipv6_cidr_block_association_id": "",
            "ipv6_native": false,
            "map_customer_owned_ip_on_launch": false,
            "map_public_ip_on_launch": true,
            "outpost_arn": "",
            "owner_id": "503517101544",
            "private_dns_hostname_type_on_launch": "ip-name",
            "tags": {
              "Name": "k8s-vpc-public-us-west-1c",
              "kubernetes.io/cluster/basic-api-2": "shared",
              "kubernetes.io/role/elb": "1"
            },
            "tags_all": {
              "Name": "k8s-vpc-public-us-west-1c",
              "appname": "basic-app",
              "appversion": "1.0.0",
              "deploy": "terraform",
              "env": "develop",
              "kubernetes.io/cluster/basic-api-2": "shared",
              "kubernetes.io/role/elb": "1"
            },
            "timeouts": null,
            "vpc_id": "vpc-0dbc4c9e7479d7a7d"
          },
          "sensitive_attributes": [],
          "private": "eyJlMmJmYjczMC1lY2FhLTExZTYtOGY4OC0zNDM2M2JjN2M0YzAiOnsiY3JlYXRlIjo2MDAwMDAwMDAwMDAsImRlbGV0ZSI6MTIwMDAwMDAwMDAwMH0sInNjaGVtYV92ZXJzaW9uIjoiMSJ9",
          "dependencies": [
            "data.aws_availability_zones.available",
            "module.vpc.aws_vpc.this",
            "module.vpc.aws_vpc_ipv4_cidr_block_association.this"
          ]
        },
        {
          "index_key": 2,
          "schema_version": 1,
          "attributes": {
            "arn": "arn:aws:ec2:us-west-1:503517101544:subnet/subnet-0e292307deca6e340",
            "assign_ipv6_address_on_creation": false,
            "availability_zone": "us-west-1b",
            "availability_zone_id": "usw1-az3",
            "cidr_block": "172.16.6.0/24",
            "customer_owned_ipv4_pool": "",
            "enable_dns64": false,
            "enable_resource_name_dns_a_record_on_launch": false,
            "enable_resource_name_dns_aaaa_record_on_launch": false,
            "id": "subnet-0e292307deca6e340",
            "ipv6_cidr_block": "",
            "ipv6_cidr_block_association_id": "",
            "ipv6_native": false,
            "map_customer_owned_ip_on_launch": false,
            "map_public_ip_on_launch": true,
            "outpost_arn": "",
            "owner_id": "503517101544",
            "private_dns_hostname_type_on_launch": "ip-name",
            "tags": {
              "Name": "k8s-vpc-public-us-west-1b",
              "kubernetes.io/cluster/basic-api-2": "shared",
              "kubernetes.io/role/elb": "1"
            },
            "tags_all": {
              "Name": "k8s-vpc-public-us-west-1b",
              "appname": "basic-app",
              "appversion": "1.0.0",
              "deploy": "terraform",
              "env": "develop",
              "kubernetes.io/cluster/basic-api-2": "shared",
              "kubernetes.io/role/elb": "1"
            },
            "timeouts": null,
            "vpc_id": "vpc-0dbc4c9e7479d7a7d"
          },
          "sensitive_attributes": [],
          "private": "eyJlMmJmYjczMC1lY2FhLTExZTYtOGY4OC0zNDM2M2JjN2M0YzAiOnsiY3JlYXRlIjo2MDAwMDAwMDAwMDAsImRlbGV0ZSI6MTIwMDAwMDAwMDAwMH0sInNjaGVtYV92ZXJzaW9uIjoiMSJ9",
          "dependencies": [
            "data.aws_availability_zones.available",
            "module.vpc.aws_vpc.this",
            "module.vpc.aws_vpc_ipv4_cidr_block_association.this"
          ]
        }
      ]
    },
    {
      "module": "module.vpc",
      "mode": "managed",
      "type": "aws_vpc",
      "name": "this",
      "provider": "provider[\"registry.terraform.io/hashicorp/aws\"]",
      "instances": [
        {
          "index_key": 0,
          "schema_version": 1,
          "attributes": {
            "arn": "arn:aws:ec2:us-west-1:503517101544:vpc/vpc-0dbc4c9e7479d7a7d",
            "assign_generated_ipv6_cidr_block": false,
            "cidr_block": "172.16.0.0/16",
            "default_network_acl_id": "acl-0490447eaf68932cd",
            "default_route_table_id": "rtb-0371e64a064a500e5",
            "default_security_group_id": "sg-0a235b11f93efde1a",
            "dhcp_options_id": "dopt-92ac56f4",
            "enable_classiclink": false,
            "enable_classiclink_dns_support": false,
            "enable_dns_hostnames": true,
            "enable_dns_support": true,
            "id": "vpc-0dbc4c9e7479d7a7d",
            "instance_tenancy": "default",
            "ipv4_ipam_pool_id": null,
            "ipv4_netmask_length": null,
            "ipv6_association_id": "",
            "ipv6_cidr_block": "",
            "ipv6_cidr_block_network_border_group": "",
            "ipv6_ipam_pool_id": "",
            "ipv6_netmask_length": 0,
            "main_route_table_id": "rtb-0371e64a064a500e5",
            "owner_id": "503517101544",
            "tags": {
              "Name": "k8s-vpc"
            },
            "tags_all": {
              "Name": "k8s-vpc",
              "appname": "basic-app",
              "appversion": "1.0.0",
              "deploy": "terraform",
              "env": "develop"
            }
          },
          "sensitive_attributes": [],
          "private": "eyJzY2hlbWFfdmVyc2lvbiI6IjEifQ==",
          "create_before_destroy": true
        }
      ]
    }
  ]
}
